// !$*UTF8*$!
{
	archiveVersion = 1;
	classes = {
	};
	objectVersion = 50;
	objects = {

/* Begin PBXBuildFile section */
		534CEE5ECF41212D7F173648 /* Pods_deOlhoEmManausUITests.framework in Frameworks */ = {isa = PBXBuildFile; fileRef = D029BC842FCFD64D3AA42874 /* Pods_deOlhoEmManausUITests.framework */; };
		930F863C7C4CE664CEA91102 /* Pods_deOlhoEmManausTests.framework in Frameworks */ = {isa = PBXBuildFile; fileRef = 5253A98F26D06F1F24A77B19 /* Pods_deOlhoEmManausTests.framework */; };
		A28075697C9A740F9DB0318C /* Pods_deOlhoEmManaus.framework in Frameworks */ = {isa = PBXBuildFile; fileRef = 027070C193EC43F459B4127C /* Pods_deOlhoEmManaus.framework */; };
		AD0077CC23DBCD470069E28B /* ShowHouse.swift in Sources */ = {isa = PBXBuildFile; fileRef = AD0077C823DBCD460069E28B /* ShowHouse.swift */; };
		AD0077CD23DBCD470069E28B /* Show.swift in Sources */ = {isa = PBXBuildFile; fileRef = AD0077C923DBCD460069E28B /* Show.swift */; };
		AD0077CE23DBCD470069E28B /* Categorie.swift in Sources */ = {isa = PBXBuildFile; fileRef = AD0077CA23DBCD470069E28B /* Categorie.swift */; };
		AD0077CF23DBCD470069E28B /* ModelSingleton.swift in Sources */ = {isa = PBXBuildFile; fileRef = AD0077CB23DBCD470069E28B /* ModelSingleton.swift */; };
		AD0077D123DBCD6B0069E28B /* UIImageExtensions.swift in Sources */ = {isa = PBXBuildFile; fileRef = AD0077D023DBCD6B0069E28B /* UIImageExtensions.swift */; };
		AD0077D323DBCD7D0069E28B /* FirebaseService.swift in Sources */ = {isa = PBXBuildFile; fileRef = AD0077D223DBCD7D0069E28B /* FirebaseService.swift */; };
		AD0077D523DBCE740069E28B /* GoogleService-Info.plist in Resources */ = {isa = PBXBuildFile; fileRef = AD0077D423DBCE740069E28B /* GoogleService-Info.plist */; };
		AD0077D923DBD10F0069E28B /* CollectionViewCell.swift in Sources */ = {isa = PBXBuildFile; fileRef = AD0077D723DBD10F0069E28B /* CollectionViewCell.swift */; };
		AD0077DA23DBD10F0069E28B /* TableViewCell.swift in Sources */ = {isa = PBXBuildFile; fileRef = AD0077D823DBD10F0069E28B /* TableViewCell.swift */; };
		AD0077DD23DBDD7A0069E28B /* DetailShowHouseViewController.swift in Sources */ = {isa = PBXBuildFile; fileRef = AD0077DB23DBDD7A0069E28B /* DetailShowHouseViewController.swift */; };
		AD0077DE23DBDD7A0069E28B /* ShowHouseUIViewController.swift in Sources */ = {isa = PBXBuildFile; fileRef = AD0077DC23DBDD7A0069E28B /* ShowHouseUIViewController.swift */; };
		AD1970B423DFA30300BEF5DE /* InteratorExtension.swift in Sources */ = {isa = PBXBuildFile; fileRef = AD1970B323DFA30300BEF5DE /* InteratorExtension.swift */; };
		AD2176EE23DBC92900BE2AD0 /* AppDelegate.swift in Sources */ = {isa = PBXBuildFile; fileRef = AD2176ED23DBC92900BE2AD0 /* AppDelegate.swift */; };
		AD2176F023DBC92900BE2AD0 /* ViewController.swift in Sources */ = {isa = PBXBuildFile; fileRef = AD2176EF23DBC92900BE2AD0 /* ViewController.swift */; };
		AD2176F323DBC92900BE2AD0 /* Main.storyboard in Resources */ = {isa = PBXBuildFile; fileRef = AD2176F123DBC92900BE2AD0 /* Main.storyboard */; };
		AD2176F623DBC92900BE2AD0 /* deOlhoEmManaus.xcdatamodeld in Sources */ = {isa = PBXBuildFile; fileRef = AD2176F423DBC92900BE2AD0 /* deOlhoEmManaus.xcdatamodeld */; };
		AD2176F823DBC92B00BE2AD0 /* Assets.xcassets in Resources */ = {isa = PBXBuildFile; fileRef = AD2176F723DBC92B00BE2AD0 /* Assets.xcassets */; };
		AD2176FB23DBC92B00BE2AD0 /* LaunchScreen.storyboard in Resources */ = {isa = PBXBuildFile; fileRef = AD2176F923DBC92B00BE2AD0 /* LaunchScreen.storyboard */; };
		AD21770623DBC92B00BE2AD0 /* deOlhoEmManausTests.swift in Sources */ = {isa = PBXBuildFile; fileRef = AD21770523DBC92B00BE2AD0 /* deOlhoEmManausTests.swift */; };
		AD21771123DBC92B00BE2AD0 /* deOlhoEmManausUITests.swift in Sources */ = {isa = PBXBuildFile; fileRef = AD21771023DBC92B00BE2AD0 /* deOlhoEmManausUITests.swift */; };
		ADC7A38223E8E40500BF38D0 /* InternetUtils.swift in Sources */ = {isa = PBXBuildFile; fileRef = ADC7A38123E8E40500BF38D0 /* InternetUtils.swift */; };
		ADC7A38423E8E80800BF38D0 /* AlertUtils.swift in Sources */ = {isa = PBXBuildFile; fileRef = ADC7A38323E8E80800BF38D0 /* AlertUtils.swift */; };
/* End PBXBuildFile section */

/* Begin PBXContainerItemProxy section */
		AD21770223DBC92B00BE2AD0 /* PBXContainerItemProxy */ = {
			isa = PBXContainerItemProxy;
			containerPortal = AD2176E223DBC92900BE2AD0 /* Project object */;
			proxyType = 1;
			remoteGlobalIDString = AD2176E923DBC92900BE2AD0;
			remoteInfo = deOlhoEmManaus;
		};
		AD21770D23DBC92B00BE2AD0 /* PBXContainerItemProxy */ = {
			isa = PBXContainerItemProxy;
			containerPortal = AD2176E223DBC92900BE2AD0 /* Project object */;
			proxyType = 1;
			remoteGlobalIDString = AD2176E923DBC92900BE2AD0;
			remoteInfo = deOlhoEmManaus;
		};
/* End PBXContainerItemProxy section */

/* Begin PBXFileReference section */
		027070C193EC43F459B4127C /* Pods_deOlhoEmManaus.framework */ = {isa = PBXFileReference; explicitFileType = wrapper.framework; includeInIndex = 0; path = Pods_deOlhoEmManaus.framework; sourceTree = BUILT_PRODUCTS_DIR; };
		0AE58DE1B7585AB9403132C6 /* Pods-deOlhoEmManausUITests.release.xcconfig */ = {isa = PBXFileReference; includeInIndex = 1; lastKnownFileType = text.xcconfig; name = "Pods-deOlhoEmManausUITests.release.xcconfig"; path = "Pods/Target Support Files/Pods-deOlhoEmManausUITests/Pods-deOlhoEmManausUITests.release.xcconfig"; sourceTree = "<group>"; };
		2325C34CCF7B256B44823418 /* Pods-deOlhoEmManausTests.release.xcconfig */ = {isa = PBXFileReference; includeInIndex = 1; lastKnownFileType = text.xcconfig; name = "Pods-deOlhoEmManausTests.release.xcconfig"; path = "Pods/Target Support Files/Pods-deOlhoEmManausTests/Pods-deOlhoEmManausTests.release.xcconfig"; sourceTree = "<group>"; };
		32C489B2EB562ED076DBD3DD /* Pods-deOlhoEmManausUITests.debug.xcconfig */ = {isa = PBXFileReference; includeInIndex = 1; lastKnownFileType = text.xcconfig; name = "Pods-deOlhoEmManausUITests.debug.xcconfig"; path = "Pods/Target Support Files/Pods-deOlhoEmManausUITests/Pods-deOlhoEmManausUITests.debug.xcconfig"; sourceTree = "<group>"; };
		5253A98F26D06F1F24A77B19 /* Pods_deOlhoEmManausTests.framework */ = {isa = PBXFileReference; explicitFileType = wrapper.framework; includeInIndex = 0; path = Pods_deOlhoEmManausTests.framework; sourceTree = BUILT_PRODUCTS_DIR; };
		77247EAC490D6425670374DD /* Pods-deOlhoEmManaus.debug.xcconfig */ = {isa = PBXFileReference; includeInIndex = 1; lastKnownFileType = text.xcconfig; name = "Pods-deOlhoEmManaus.debug.xcconfig"; path = "Pods/Target Support Files/Pods-deOlhoEmManaus/Pods-deOlhoEmManaus.debug.xcconfig"; sourceTree = "<group>"; };
		93CF529961CEB65B8E127239 /* Pods-deOlhoEmManaus.release.xcconfig */ = {isa = PBXFileReference; includeInIndex = 1; lastKnownFileType = text.xcconfig; name = "Pods-deOlhoEmManaus.release.xcconfig"; path = "Pods/Target Support Files/Pods-deOlhoEmManaus/Pods-deOlhoEmManaus.release.xcconfig"; sourceTree = "<group>"; };
		AD0077C823DBCD460069E28B /* ShowHouse.swift */ = {isa = PBXFileReference; fileEncoding = 4; lastKnownFileType = sourcecode.swift; path = ShowHouse.swift; sourceTree = "<group>"; };
		AD0077C923DBCD460069E28B /* Show.swift */ = {isa = PBXFileReference; fileEncoding = 4; lastKnownFileType = sourcecode.swift; path = Show.swift; sourceTree = "<group>"; };
		AD0077CA23DBCD470069E28B /* Categorie.swift */ = {isa = PBXFileReference; fileEncoding = 4; lastKnownFileType = sourcecode.swift; path = Categorie.swift; sourceTree = "<group>"; };
		AD0077CB23DBCD470069E28B /* ModelSingleton.swift */ = {isa = PBXFileReference; fileEncoding = 4; lastKnownFileType = sourcecode.swift; path = ModelSingleton.swift; sourceTree = "<group>"; };
		AD0077D023DBCD6B0069E28B /* UIImageExtensions.swift */ = {isa = PBXFileReference; fileEncoding = 4; lastKnownFileType = sourcecode.swift; path = UIImageExtensions.swift; sourceTree = "<group>"; };
		AD0077D223DBCD7D0069E28B /* FirebaseService.swift */ = {isa = PBXFileReference; lastKnownFileType = sourcecode.swift; path = FirebaseService.swift; sourceTree = "<group>"; };
		AD0077D423DBCE740069E28B /* GoogleService-Info.plist */ = {isa = PBXFileReference; fileEncoding = 4; lastKnownFileType = text.plist.xml; path = "GoogleService-Info.plist"; sourceTree = "<group>"; };
		AD0077D723DBD10F0069E28B /* CollectionViewCell.swift */ = {isa = PBXFileReference; fileEncoding = 4; lastKnownFileType = sourcecode.swift; path = CollectionViewCell.swift; sourceTree = "<group>"; };
		AD0077D823DBD10F0069E28B /* TableViewCell.swift */ = {isa = PBXFileReference; fileEncoding = 4; lastKnownFileType = sourcecode.swift; path = TableViewCell.swift; sourceTree = "<group>"; };
		AD0077DB23DBDD7A0069E28B /* DetailShowHouseViewController.swift */ = {isa = PBXFileReference; fileEncoding = 4; lastKnownFileType = sourcecode.swift; path = DetailShowHouseViewController.swift; sourceTree = "<group>"; };
		AD0077DC23DBDD7A0069E28B /* ShowHouseUIViewController.swift */ = {isa = PBXFileReference; fileEncoding = 4; lastKnownFileType = sourcecode.swift; path = ShowHouseUIViewController.swift; sourceTree = "<group>"; };
		AD1970B323DFA30300BEF5DE /* InteratorExtension.swift */ = {isa = PBXFileReference; lastKnownFileType = sourcecode.swift; path = InteratorExtension.swift; sourceTree = "<group>"; };
		AD2176EA23DBC92900BE2AD0 /* deOlhoEmManaus.app */ = {isa = PBXFileReference; explicitFileType = wrapper.application; includeInIndex = 0; path = deOlhoEmManaus.app; sourceTree = BUILT_PRODUCTS_DIR; };
		AD2176ED23DBC92900BE2AD0 /* AppDelegate.swift */ = {isa = PBXFileReference; lastKnownFileType = sourcecode.swift; path = AppDelegate.swift; sourceTree = "<group>"; };
		AD2176EF23DBC92900BE2AD0 /* ViewController.swift */ = {isa = PBXFileReference; lastKnownFileType = sourcecode.swift; path = ViewController.swift; sourceTree = "<group>"; };
		AD2176F223DBC92900BE2AD0 /* Base */ = {isa = PBXFileReference; lastKnownFileType = file.storyboard; name = Base; path = Base.lproj/Main.storyboard; sourceTree = "<group>"; };
		AD2176F523DBC92900BE2AD0 /* deOlhoEmManaus.xcdatamodel */ = {isa = PBXFileReference; lastKnownFileType = wrapper.xcdatamodel; path = deOlhoEmManaus.xcdatamodel; sourceTree = "<group>"; };
		AD2176F723DBC92B00BE2AD0 /* Assets.xcassets */ = {isa = PBXFileReference; lastKnownFileType = folder.assetcatalog; path = Assets.xcassets; sourceTree = "<group>"; };
		AD2176FA23DBC92B00BE2AD0 /* Base */ = {isa = PBXFileReference; lastKnownFileType = file.storyboard; name = Base; path = Base.lproj/LaunchScreen.storyboard; sourceTree = "<group>"; };
		AD2176FC23DBC92B00BE2AD0 /* Info.plist */ = {isa = PBXFileReference; lastKnownFileType = text.plist.xml; path = Info.plist; sourceTree = "<group>"; };
		AD21770123DBC92B00BE2AD0 /* deOlhoEmManausTests.xctest */ = {isa = PBXFileReference; explicitFileType = wrapper.cfbundle; includeInIndex = 0; path = deOlhoEmManausTests.xctest; sourceTree = BUILT_PRODUCTS_DIR; };
		AD21770523DBC92B00BE2AD0 /* deOlhoEmManausTests.swift */ = {isa = PBXFileReference; lastKnownFileType = sourcecode.swift; path = deOlhoEmManausTests.swift; sourceTree = "<group>"; };
		AD21770723DBC92B00BE2AD0 /* Info.plist */ = {isa = PBXFileReference; lastKnownFileType = text.plist.xml; path = Info.plist; sourceTree = "<group>"; };
		AD21770C23DBC92B00BE2AD0 /* deOlhoEmManausUITests.xctest */ = {isa = PBXFileReference; explicitFileType = wrapper.cfbundle; includeInIndex = 0; path = deOlhoEmManausUITests.xctest; sourceTree = BUILT_PRODUCTS_DIR; };
		AD21771023DBC92B00BE2AD0 /* deOlhoEmManausUITests.swift */ = {isa = PBXFileReference; lastKnownFileType = sourcecode.swift; path = deOlhoEmManausUITests.swift; sourceTree = "<group>"; };
		AD21771223DBC92B00BE2AD0 /* Info.plist */ = {isa = PBXFileReference; lastKnownFileType = text.plist.xml; path = Info.plist; sourceTree = "<group>"; };
		ADC7A38123E8E40500BF38D0 /* InternetUtils.swift */ = {isa = PBXFileReference; lastKnownFileType = sourcecode.swift; path = InternetUtils.swift; sourceTree = "<group>"; };
		ADC7A38323E8E80800BF38D0 /* AlertUtils.swift */ = {isa = PBXFileReference; lastKnownFileType = sourcecode.swift; path = AlertUtils.swift; sourceTree = "<group>"; };
		D029BC842FCFD64D3AA42874 /* Pods_deOlhoEmManausUITests.framework */ = {isa = PBXFileReference; explicitFileType = wrapper.framework; includeInIndex = 0; path = Pods_deOlhoEmManausUITests.framework; sourceTree = BUILT_PRODUCTS_DIR; };
		D7B4198F98ED4F17D195F438 /* Pods-deOlhoEmManausTests.debug.xcconfig */ = {isa = PBXFileReference; includeInIndex = 1; lastKnownFileType = text.xcconfig; name = "Pods-deOlhoEmManausTests.debug.xcconfig"; path = "Pods/Target Support Files/Pods-deOlhoEmManausTests/Pods-deOlhoEmManausTests.debug.xcconfig"; sourceTree = "<group>"; };
/* End PBXFileReference section */

/* Begin PBXFrameworksBuildPhase section */
		AD2176E723DBC92900BE2AD0 /* Frameworks */ = {
			isa = PBXFrameworksBuildPhase;
			buildActionMask = 2147483647;
			files = (
				A28075697C9A740F9DB0318C /* Pods_deOlhoEmManaus.framework in Frameworks */,
			);
			runOnlyForDeploymentPostprocessing = 0;
		};
		AD2176FE23DBC92B00BE2AD0 /* Frameworks */ = {
			isa = PBXFrameworksBuildPhase;
			buildActionMask = 2147483647;
			files = (
				930F863C7C4CE664CEA91102 /* Pods_deOlhoEmManausTests.framework in Frameworks */,
			);
			runOnlyForDeploymentPostprocessing = 0;
		};
		AD21770923DBC92B00BE2AD0 /* Frameworks */ = {
			isa = PBXFrameworksBuildPhase;
			buildActionMask = 2147483647;
			files = (
				534CEE5ECF41212D7F173648 /* Pods_deOlhoEmManausUITests.framework in Frameworks */,
			);
			runOnlyForDeploymentPostprocessing = 0;
		};
/* End PBXFrameworksBuildPhase section */

/* Begin PBXGroup section */
		6E129AF0EB0A119A4DE84C1C /* Pods */ = {
			isa = PBXGroup;
			children = (
				77247EAC490D6425670374DD /* Pods-deOlhoEmManaus.debug.xcconfig */,
				93CF529961CEB65B8E127239 /* Pods-deOlhoEmManaus.release.xcconfig */,
				D7B4198F98ED4F17D195F438 /* Pods-deOlhoEmManausTests.debug.xcconfig */,
				2325C34CCF7B256B44823418 /* Pods-deOlhoEmManausTests.release.xcconfig */,
				32C489B2EB562ED076DBD3DD /* Pods-deOlhoEmManausUITests.debug.xcconfig */,
				0AE58DE1B7585AB9403132C6 /* Pods-deOlhoEmManausUITests.release.xcconfig */,
			);
			name = Pods;
			sourceTree = "<group>";
		};
		AD0077BD23DBCC070069E28B /* View */ = {
			isa = PBXGroup;
			children = (
				AD0077D623DBD0E60069E28B /* Cells */,
				AD2176F123DBC92900BE2AD0 /* Main.storyboard */,
				AD2176F923DBC92B00BE2AD0 /* LaunchScreen.storyboard */,
			);
			path = View;
			sourceTree = "<group>";
		};
		AD0077BE23DBCC190069E28B /* Model */ = {
			isa = PBXGroup;
			children = (
				AD0077CA23DBCD470069E28B /* Categorie.swift */,
				AD0077CB23DBCD470069E28B /* ModelSingleton.swift */,
				AD0077C923DBCD460069E28B /* Show.swift */,
				AD0077C823DBCD460069E28B /* ShowHouse.swift */,
			);
			path = Model;
			sourceTree = "<group>";
		};
		AD0077BF23DBCC300069E28B /* Service */ = {
			isa = PBXGroup;
			children = (
				AD0077D223DBCD7D0069E28B /* FirebaseService.swift */,
			);
			path = Service;
			sourceTree = "<group>";
		};
		AD0077C023DBCC620069E28B /* Controller */ = {
			isa = PBXGroup;
			children = (
				AD0077DB23DBDD7A0069E28B /* DetailShowHouseViewController.swift */,
				AD0077DC23DBDD7A0069E28B /* ShowHouseUIViewController.swift */,
				AD2176EF23DBC92900BE2AD0 /* ViewController.swift */,
			);
			path = Controller;
			sourceTree = "<group>";
		};
		AD0077C123DBCC880069E28B /* Extensions */ = {
			isa = PBXGroup;
			children = (
				AD0077D023DBCD6B0069E28B /* UIImageExtensions.swift */,
				AD1970B323DFA30300BEF5DE /* InteratorExtension.swift */,
			);
			path = Extensions;
			sourceTree = "<group>";
		};
		AD0077D623DBD0E60069E28B /* Cells */ = {
			isa = PBXGroup;
			children = (
				AD0077D723DBD10F0069E28B /* CollectionViewCell.swift */,
				AD0077D823DBD10F0069E28B /* TableViewCell.swift */,
			);
			path = Cells;
			sourceTree = "<group>";
		};
		AD2176E123DBC92900BE2AD0 = {
			isa = PBXGroup;
			children = (
				AD2176EC23DBC92900BE2AD0 /* deOlhoEmManaus */,
				AD21770423DBC92B00BE2AD0 /* deOlhoEmManausTests */,
				AD21770F23DBC92B00BE2AD0 /* deOlhoEmManausUITests */,
				AD2176EB23DBC92900BE2AD0 /* Products */,
				6E129AF0EB0A119A4DE84C1C /* Pods */,
				F096F0175E843ABF4684E900 /* Frameworks */,
			);
			sourceTree = "<group>";
		};
		AD2176EB23DBC92900BE2AD0 /* Products */ = {
			isa = PBXGroup;
			children = (
				AD2176EA23DBC92900BE2AD0 /* deOlhoEmManaus.app */,
				AD21770123DBC92B00BE2AD0 /* deOlhoEmManausTests.xctest */,
				AD21770C23DBC92B00BE2AD0 /* deOlhoEmManausUITests.xctest */,
			);
			name = Products;
			sourceTree = "<group>";
		};
		AD2176EC23DBC92900BE2AD0 /* deOlhoEmManaus */ = {
			isa = PBXGroup;
			children = (
				ADC7A37E23E8E29B00BF38D0 /* Utils */,
				AD0077C123DBCC880069E28B /* Extensions */,
				AD0077C023DBCC620069E28B /* Controller */,
				AD0077BF23DBCC300069E28B /* Service */,
				AD0077BE23DBCC190069E28B /* Model */,
				AD0077BD23DBCC070069E28B /* View */,
				AD2176ED23DBC92900BE2AD0 /* AppDelegate.swift */,
				AD2176F723DBC92B00BE2AD0 /* Assets.xcassets */,
				AD2176FC23DBC92B00BE2AD0 /* Info.plist */,
				AD0077D423DBCE740069E28B /* GoogleService-Info.plist */,
				AD2176F423DBC92900BE2AD0 /* deOlhoEmManaus.xcdatamodeld */,
			);
			path = deOlhoEmManaus;
			sourceTree = "<group>";
		};
		AD21770423DBC92B00BE2AD0 /* deOlhoEmManausTests */ = {
			isa = PBXGroup;
			children = (
				AD21770523DBC92B00BE2AD0 /* deOlhoEmManausTests.swift */,
				AD21770723DBC92B00BE2AD0 /* Info.plist */,
			);
			path = deOlhoEmManausTests;
			sourceTree = "<group>";
		};
		AD21770F23DBC92B00BE2AD0 /* deOlhoEmManausUITests */ = {
			isa = PBXGroup;
			children = (
				AD21771023DBC92B00BE2AD0 /* deOlhoEmManausUITests.swift */,
				AD21771223DBC92B00BE2AD0 /* Info.plist */,
			);
			path = deOlhoEmManausUITests;
			sourceTree = "<group>";
		};
		ADC7A37E23E8E29B00BF38D0 /* Utils */ = {
			isa = PBXGroup;
			children = (
				ADC7A38123E8E40500BF38D0 /* InternetUtils.swift */,
				ADC7A38323E8E80800BF38D0 /* AlertUtils.swift */,
			);
			path = Utils;
			sourceTree = "<group>";
		};
		F096F0175E843ABF4684E900 /* Frameworks */ = {
			isa = PBXGroup;
			children = (
				027070C193EC43F459B4127C /* Pods_deOlhoEmManaus.framework */,
				5253A98F26D06F1F24A77B19 /* Pods_deOlhoEmManausTests.framework */,
				D029BC842FCFD64D3AA42874 /* Pods_deOlhoEmManausUITests.framework */,
			);
			name = Frameworks;
			sourceTree = "<group>";
		};
/* End PBXGroup section */

/* Begin PBXNativeTarget section */
		AD2176E923DBC92900BE2AD0 /* deOlhoEmManaus */ = {
			isa = PBXNativeTarget;
			buildConfigurationList = AD21771523DBC92B00BE2AD0 /* Build configuration list for PBXNativeTarget "deOlhoEmManaus" */;
			buildPhases = (
				F48B3DE8A63898AD879D821A /* [CP] Check Pods Manifest.lock */,
				AD2176E623DBC92900BE2AD0 /* Sources */,
				AD2176E723DBC92900BE2AD0 /* Frameworks */,
				AD2176E823DBC92900BE2AD0 /* Resources */,
				BCC5478669CE9B7DF9F77328 /* [CP] Embed Pods Frameworks */,
				D9D38680241A81579DB7E01A /* [CP] Copy Pods Resources */,
			);
			buildRules = (
			);
			dependencies = (
			);
			name = deOlhoEmManaus;
			productName = deOlhoEmManaus;
			productReference = AD2176EA23DBC92900BE2AD0 /* deOlhoEmManaus.app */;
			productType = "com.apple.product-type.application";
		};
		AD21770023DBC92B00BE2AD0 /* deOlhoEmManausTests */ = {
			isa = PBXNativeTarget;
			buildConfigurationList = AD21771823DBC92B00BE2AD0 /* Build configuration list for PBXNativeTarget "deOlhoEmManausTests" */;
			buildPhases = (
				F246FA233E502837A9422588 /* [CP] Check Pods Manifest.lock */,
				AD2176FD23DBC92B00BE2AD0 /* Sources */,
				AD2176FE23DBC92B00BE2AD0 /* Frameworks */,
				AD2176FF23DBC92B00BE2AD0 /* Resources */,
			);
			buildRules = (
			);
			dependencies = (
				AD21770323DBC92B00BE2AD0 /* PBXTargetDependency */,
			);
			name = deOlhoEmManausTests;
			productName = deOlhoEmManausTests;
			productReference = AD21770123DBC92B00BE2AD0 /* deOlhoEmManausTests.xctest */;
			productType = "com.apple.product-type.bundle.unit-test";
		};
		AD21770B23DBC92B00BE2AD0 /* deOlhoEmManausUITests */ = {
			isa = PBXNativeTarget;
			buildConfigurationList = AD21771B23DBC92B00BE2AD0 /* Build configuration list for PBXNativeTarget "deOlhoEmManausUITests" */;
			buildPhases = (
				BF03B2CA83CE1ABB599E2030 /* [CP] Check Pods Manifest.lock */,
				AD21770823DBC92B00BE2AD0 /* Sources */,
				AD21770923DBC92B00BE2AD0 /* Frameworks */,
				AD21770A23DBC92B00BE2AD0 /* Resources */,
			);
			buildRules = (
			);
			dependencies = (
				AD21770E23DBC92B00BE2AD0 /* PBXTargetDependency */,
			);
			name = deOlhoEmManausUITests;
			productName = deOlhoEmManausUITests;
			productReference = AD21770C23DBC92B00BE2AD0 /* deOlhoEmManausUITests.xctest */;
			productType = "com.apple.product-type.bundle.ui-testing";
		};
/* End PBXNativeTarget section */

/* Begin PBXProject section */
		AD2176E223DBC92900BE2AD0 /* Project object */ = {
			isa = PBXProject;
			attributes = {
				LastSwiftUpdateCheck = 0940;
				LastUpgradeCheck = 0940;
				ORGANIZATIONNAME = "Edson  Jr";
				TargetAttributes = {
					AD2176E923DBC92900BE2AD0 = {
						CreatedOnToolsVersion = 9.4.1;
					};
					AD21770023DBC92B00BE2AD0 = {
						CreatedOnToolsVersion = 9.4.1;
						TestTargetID = AD2176E923DBC92900BE2AD0;
					};
					AD21770B23DBC92B00BE2AD0 = {
						CreatedOnToolsVersion = 9.4.1;
						TestTargetID = AD2176E923DBC92900BE2AD0;
					};
				};
			};
			buildConfigurationList = AD2176E523DBC92900BE2AD0 /* Build configuration list for PBXProject "deOlhoEmManaus" */;
			compatibilityVersion = "Xcode 9.3";
			developmentRegion = en;
			hasScannedForEncodings = 0;
			knownRegions = (
				en,
				Base,
			);
			mainGroup = AD2176E123DBC92900BE2AD0;
			productRefGroup = AD2176EB23DBC92900BE2AD0 /* Products */;
			projectDirPath = "";
			projectRoot = "";
			targets = (
				AD2176E923DBC92900BE2AD0 /* deOlhoEmManaus */,
				AD21770023DBC92B00BE2AD0 /* deOlhoEmManausTests */,
				AD21770B23DBC92B00BE2AD0 /* deOlhoEmManausUITests */,
			);
		};
/* End PBXProject section */

/* Begin PBXResourcesBuildPhase section */
		AD2176E823DBC92900BE2AD0 /* Resources */ = {
			isa = PBXResourcesBuildPhase;
			buildActionMask = 2147483647;
			files = (
				AD0077D523DBCE740069E28B /* GoogleService-Info.plist in Resources */,
				AD2176FB23DBC92B00BE2AD0 /* LaunchScreen.storyboard in Resources */,
				AD2176F823DBC92B00BE2AD0 /* Assets.xcassets in Resources */,
				AD2176F323DBC92900BE2AD0 /* Main.storyboard in Resources */,
			);
			runOnlyForDeploymentPostprocessing = 0;
		};
		AD2176FF23DBC92B00BE2AD0 /* Resources */ = {
			isa = PBXResourcesBuildPhase;
			buildActionMask = 2147483647;
			files = (
			);
			runOnlyForDeploymentPostprocessing = 0;
		};
		AD21770A23DBC92B00BE2AD0 /* Resources */ = {
			isa = PBXResourcesBuildPhase;
			buildActionMask = 2147483647;
			files = (
			);
			runOnlyForDeploymentPostprocessing = 0;
		};
/* End PBXResourcesBuildPhase section */

/* Begin PBXShellScriptBuildPhase section */
		BCC5478669CE9B7DF9F77328 /* [CP] Embed Pods Frameworks */ = {
			isa = PBXShellScriptBuildPhase;
			buildActionMask = 2147483647;
			files = (
			);
			inputPaths = (
				"${SRCROOT}/Pods/Target Support Files/Pods-deOlhoEmManaus/Pods-deOlhoEmManaus-frameworks.sh",
				"${BUILT_PRODUCTS_DIR}/Alamofire/Alamofire.framework",
				"${BUILT_PRODUCTS_DIR}/Bolts/Bolts.framework",
				"${BUILT_PRODUCTS_DIR}/BoringSSL/openssl.framework",
				"${BUILT_PRODUCTS_DIR}/FBSDKCoreKit/FBSDKCoreKit.framework",
				"${BUILT_PRODUCTS_DIR}/FBSDKLoginKit/FBSDKLoginKit.framework",
				"${BUILT_PRODUCTS_DIR}/FBSDKShareKit/FBSDKShareKit.framework",
				"${BUILT_PRODUCTS_DIR}/FacebookCore/FacebookCore.framework",
				"${BUILT_PRODUCTS_DIR}/FacebookLogin/FacebookLogin.framework",
				"${BUILT_PRODUCTS_DIR}/FacebookShare/FacebookShare.framework",
				"${BUILT_PRODUCTS_DIR}/GTMSessionFetcher/GTMSessionFetcher.framework",
				"${BUILT_PRODUCTS_DIR}/GoogleToolboxForMac/GoogleToolboxForMac.framework",
				"${BUILT_PRODUCTS_DIR}/Protobuf/Protobuf.framework",
				"${BUILT_PRODUCTS_DIR}/gRPC/GRPCClient.framework",
				"${BUILT_PRODUCTS_DIR}/gRPC-Core/grpc.framework",
				"${BUILT_PRODUCTS_DIR}/gRPC-ProtoRPC/ProtoRPC.framework",
				"${BUILT_PRODUCTS_DIR}/gRPC-RxLibrary/RxLibrary.framework",
				"${BUILT_PRODUCTS_DIR}/leveldb-library/leveldb.framework",
				"${BUILT_PRODUCTS_DIR}/nanopb/nanopb.framework",
			);
			name = "[CP] Embed Pods Frameworks";
			outputPaths = (
				"${TARGET_BUILD_DIR}/${FRAMEWORKS_FOLDER_PATH}/Alamofire.framework",
				"${TARGET_BUILD_DIR}/${FRAMEWORKS_FOLDER_PATH}/Bolts.framework",
				"${TARGET_BUILD_DIR}/${FRAMEWORKS_FOLDER_PATH}/openssl.framework",
				"${TARGET_BUILD_DIR}/${FRAMEWORKS_FOLDER_PATH}/FBSDKCoreKit.framework",
				"${TARGET_BUILD_DIR}/${FRAMEWORKS_FOLDER_PATH}/FBSDKLoginKit.framework",
				"${TARGET_BUILD_DIR}/${FRAMEWORKS_FOLDER_PATH}/FBSDKShareKit.framework",
				"${TARGET_BUILD_DIR}/${FRAMEWORKS_FOLDER_PATH}/FacebookCore.framework",
				"${TARGET_BUILD_DIR}/${FRAMEWORKS_FOLDER_PATH}/FacebookLogin.framework",
				"${TARGET_BUILD_DIR}/${FRAMEWORKS_FOLDER_PATH}/FacebookShare.framework",
				"${TARGET_BUILD_DIR}/${FRAMEWORKS_FOLDER_PATH}/GTMSessionFetcher.framework",
				"${TARGET_BUILD_DIR}/${FRAMEWORKS_FOLDER_PATH}/GoogleToolboxForMac.framework",
				"${TARGET_BUILD_DIR}/${FRAMEWORKS_FOLDER_PATH}/Protobuf.framework",
				"${TARGET_BUILD_DIR}/${FRAMEWORKS_FOLDER_PATH}/GRPCClient.framework",
				"${TARGET_BUILD_DIR}/${FRAMEWORKS_FOLDER_PATH}/grpc.framework",
				"${TARGET_BUILD_DIR}/${FRAMEWORKS_FOLDER_PATH}/ProtoRPC.framework",
				"${TARGET_BUILD_DIR}/${FRAMEWORKS_FOLDER_PATH}/RxLibrary.framework",
				"${TARGET_BUILD_DIR}/${FRAMEWORKS_FOLDER_PATH}/leveldb.framework",
				"${TARGET_BUILD_DIR}/${FRAMEWORKS_FOLDER_PATH}/nanopb.framework",
			);
			runOnlyForDeploymentPostprocessing = 0;
			shellPath = /bin/sh;
			shellScript = "\"${SRCROOT}/Pods/Target Support Files/Pods-deOlhoEmManaus/Pods-deOlhoEmManaus-frameworks.sh\"\n";
			showEnvVarsInLog = 0;
		};
		BF03B2CA83CE1ABB599E2030 /* [CP] Check Pods Manifest.lock */ = {
			isa = PBXShellScriptBuildPhase;
			buildActionMask = 2147483647;
			files = (
			);
			inputPaths = (
				"${PODS_PODFILE_DIR_PATH}/Podfile.lock",
				"${PODS_ROOT}/Manifest.lock",
			);
			name = "[CP] Check Pods Manifest.lock";
			outputPaths = (
				"$(DERIVED_FILE_DIR)/Pods-deOlhoEmManausUITests-checkManifestLockResult.txt",
			);
			runOnlyForDeploymentPostprocessing = 0;
			shellPath = /bin/sh;
			shellScript = "diff \"${PODS_PODFILE_DIR_PATH}/Podfile.lock\" \"${PODS_ROOT}/Manifest.lock\" > /dev/null\nif [ $? != 0 ] ; then\n    # print error to STDERR\n    echo \"error: The sandbox is not in sync with the Podfile.lock. Run 'pod install' or update your CocoaPods installation.\" >&2\n    exit 1\nfi\n# This output is used by Xcode 'outputs' to avoid re-running this script phase.\necho \"SUCCESS\" > \"${SCRIPT_OUTPUT_FILE_0}\"\n";
			showEnvVarsInLog = 0;
		};
		D9D38680241A81579DB7E01A /* [CP] Copy Pods Resources */ = {
			isa = PBXShellScriptBuildPhase;
			buildActionMask = 2147483647;
			files = (
			);
			inputPaths = (
				"${SRCROOT}/Pods/Target Support Files/Pods-deOlhoEmManaus/Pods-deOlhoEmManaus-resources.sh",
				"${PODS_ROOT}/GoogleMaps/Maps/Frameworks/GoogleMaps.framework/Resources/GoogleMaps.bundle",
				"${PODS_ROOT}/GooglePlaces/Frameworks/GooglePlaces.framework/Resources/GooglePlaces.bundle",
			);
			name = "[CP] Copy Pods Resources";
			outputPaths = (
				"${TARGET_BUILD_DIR}/${UNLOCALIZED_RESOURCES_FOLDER_PATH}/GoogleMaps.bundle",
				"${TARGET_BUILD_DIR}/${UNLOCALIZED_RESOURCES_FOLDER_PATH}/GooglePlaces.bundle",
			);
			runOnlyForDeploymentPostprocessing = 0;
			shellPath = /bin/sh;
			shellScript = "\"${SRCROOT}/Pods/Target Support Files/Pods-deOlhoEmManaus/Pods-deOlhoEmManaus-resources.sh\"\n";
			showEnvVarsInLog = 0;
		};
		F246FA233E502837A9422588 /* [CP] Check Pods Manifest.lock */ = {
			isa = PBXShellScriptBuildPhase;
			buildActionMask = 2147483647;
			files = (
			);
			inputPaths = (
				"${PODS_PODFILE_DIR_PATH}/Podfile.lock",
				"${PODS_ROOT}/Manifest.lock",
			);
			name = "[CP] Check Pods Manifest.lock";
			outputPaths = (
				"$(DERIVED_FILE_DIR)/Pods-deOlhoEmManausTests-checkManifestLockResult.txt",
			);
			runOnlyForDeploymentPostprocessing = 0;
			shellPath = /bin/sh;
			shellScript = "diff \"${PODS_PODFILE_DIR_PATH}/Podfile.lock\" \"${PODS_ROOT}/Manifest.lock\" > /dev/null\nif [ $? != 0 ] ; then\n    # print error to STDERR\n    echo \"error: The sandbox is not in sync with the Podfile.lock. Run 'pod install' or update your CocoaPods installation.\" >&2\n    exit 1\nfi\n# This output is used by Xcode 'outputs' to avoid re-running this script phase.\necho \"SUCCESS\" > \"${SCRIPT_OUTPUT_FILE_0}\"\n";
			showEnvVarsInLog = 0;
		};
		F48B3DE8A63898AD879D821A /* [CP] Check Pods Manifest.lock */ = {
			isa = PBXShellScriptBuildPhase;
			buildActionMask = 2147483647;
			files = (
			);
			inputPaths = (
				"${PODS_PODFILE_DIR_PATH}/Podfile.lock",
				"${PODS_ROOT}/Manifest.lock",
			);
			name = "[CP] Check Pods Manifest.lock";
			outputPaths = (
				"$(DERIVED_FILE_DIR)/Pods-deOlhoEmManaus-checkManifestLockResult.txt",
			);
			runOnlyForDeploymentPostprocessing = 0;
			shellPath = /bin/sh;
			shellScript = "diff \"${PODS_PODFILE_DIR_PATH}/Podfile.lock\" \"${PODS_ROOT}/Manifest.lock\" > /dev/null\nif [ $? != 0 ] ; then\n    # print error to STDERR\n    echo \"error: The sandbox is not in sync with the Podfile.lock. Run 'pod install' or update your CocoaPods installation.\" >&2\n    exit 1\nfi\n# This output is used by Xcode 'outputs' to avoid re-running this script phase.\necho \"SUCCESS\" > \"${SCRIPT_OUTPUT_FILE_0}\"\n";
			showEnvVarsInLog = 0;
		};
/* End PBXShellScriptBuildPhase section */

/* Begin PBXSourcesBuildPhase section */
		AD2176E623DBC92900BE2AD0 /* Sources */ = {
			isa = PBXSourcesBuildPhase;
			buildActionMask = 2147483647;
			files = (
				AD0077D923DBD10F0069E28B /* CollectionViewCell.swift in Sources */,
				AD0077DD23DBDD7A0069E28B /* DetailShowHouseViewController.swift in Sources */,
				AD2176F023DBC92900BE2AD0 /* ViewController.swift in Sources */,
				AD2176EE23DBC92900BE2AD0 /* AppDelegate.swift in Sources */,
				ADC7A38423E8E80800BF38D0 /* AlertUtils.swift in Sources */,
				AD2176F623DBC92900BE2AD0 /* deOlhoEmManaus.xcdatamodeld in Sources */,
				AD0077DE23DBDD7A0069E28B /* ShowHouseUIViewController.swift in Sources */,
				AD0077D123DBCD6B0069E28B /* UIImageExtensions.swift in Sources */,
				AD0077CD23DBCD470069E28B /* Show.swift in Sources */,
				AD0077DA23DBD10F0069E28B /* TableViewCell.swift in Sources */,
				AD0077CF23DBCD470069E28B /* ModelSingleton.swift in Sources */,
				AD1970B423DFA30300BEF5DE /* InteratorExtension.swift in Sources */,
				AD0077D323DBCD7D0069E28B /* FirebaseService.swift in Sources */,
				AD0077CC23DBCD470069E28B /* ShowHouse.swift in Sources */,
				AD0077CE23DBCD470069E28B /* Categorie.swift in Sources */,
				ADC7A38223E8E40500BF38D0 /* InternetUtils.swift in Sources */,
			);
			runOnlyForDeploymentPostprocessing = 0;
		};
		AD2176FD23DBC92B00BE2AD0 /* Sources */ = {
			isa = PBXSourcesBuildPhase;
			buildActionMask = 2147483647;
			files = (
				AD21770623DBC92B00BE2AD0 /* deOlhoEmManausTests.swift in Sources */,
			);
			runOnlyForDeploymentPostprocessing = 0;
		};
		AD21770823DBC92B00BE2AD0 /* Sources */ = {
			isa = PBXSourcesBuildPhase;
			buildActionMask = 2147483647;
			files = (
				AD21771123DBC92B00BE2AD0 /* deOlhoEmManausUITests.swift in Sources */,
			);
			runOnlyForDeploymentPostprocessing = 0;
		};
/* End PBXSourcesBuildPhase section */

/* Begin PBXTargetDependency section */
		AD21770323DBC92B00BE2AD0 /* PBXTargetDependency */ = {
			isa = PBXTargetDependency;
			target = AD2176E923DBC92900BE2AD0 /* deOlhoEmManaus */;
			targetProxy = AD21770223DBC92B00BE2AD0 /* PBXContainerItemProxy */;
		};
		AD21770E23DBC92B00BE2AD0 /* PBXTargetDependency */ = {
			isa = PBXTargetDependency;
			target = AD2176E923DBC92900BE2AD0 /* deOlhoEmManaus */;
			targetProxy = AD21770D23DBC92B00BE2AD0 /* PBXContainerItemProxy */;
		};
/* End PBXTargetDependency section */

/* Begin PBXVariantGroup section */
		AD2176F123DBC92900BE2AD0 /* Main.storyboard */ = {
			isa = PBXVariantGroup;
			children = (
				AD2176F223DBC92900BE2AD0 /* Base */,
			);
			name = Main.storyboard;
			sourceTree = "<group>";
		};
		AD2176F923DBC92B00BE2AD0 /* LaunchScreen.storyboard */ = {
			isa = PBXVariantGroup;
			children = (
				AD2176FA23DBC92B00BE2AD0 /* Base */,
			);
			name = LaunchScreen.storyboard;
			sourceTree = "<group>";
		};
/* End PBXVariantGroup section */

/* Begin XCBuildConfiguration section */
		AD21771323DBC92B00BE2AD0 /* Debug */ = {
			isa = XCBuildConfiguration;
			buildSettings = {
				ALWAYS_SEARCH_USER_PATHS = NO;
				CLANG_ANALYZER_NONNULL = YES;
				CLANG_ANALYZER_NUMBER_OBJECT_CONVERSION = YES_AGGRESSIVE;
				CLANG_CXX_LANGUAGE_STANDARD = "gnu++14";
				CLANG_CXX_LIBRARY = "libc++";
				CLANG_ENABLE_MODULES = YES;
				CLANG_ENABLE_OBJC_ARC = YES;
				CLANG_ENABLE_OBJC_WEAK = YES;
				CLANG_WARN_BLOCK_CAPTURE_AUTORELEASING = YES;
				CLANG_WARN_BOOL_CONVERSION = YES;
				CLANG_WARN_COMMA = YES;
				CLANG_WARN_CONSTANT_CONVERSION = YES;
				CLANG_WARN_DEPRECATED_OBJC_IMPLEMENTATIONS = YES;
				CLANG_WARN_DIRECT_OBJC_ISA_USAGE = YES_ERROR;
				CLANG_WARN_DOCUMENTATION_COMMENTS = YES;
				CLANG_WARN_EMPTY_BODY = YES;
				CLANG_WARN_ENUM_CONVERSION = YES;
				CLANG_WARN_INFINITE_RECURSION = YES;
				CLANG_WARN_INT_CONVERSION = YES;
				CLANG_WARN_NON_LITERAL_NULL_CONVERSION = YES;
				CLANG_WARN_OBJC_IMPLICIT_RETAIN_SELF = YES;
				CLANG_WARN_OBJC_LITERAL_CONVERSION = YES;
				CLANG_WARN_OBJC_ROOT_CLASS = YES_ERROR;
				CLANG_WARN_RANGE_LOOP_ANALYSIS = YES;
				CLANG_WARN_STRICT_PROTOTYPES = YES;
				CLANG_WARN_SUSPICIOUS_MOVE = YES;
				CLANG_WARN_UNGUARDED_AVAILABILITY = YES_AGGRESSIVE;
				CLANG_WARN_UNREACHABLE_CODE = YES;
				CLANG_WARN__DUPLICATE_METHOD_MATCH = YES;
				CODE_SIGN_IDENTITY = "iPhone Developer";
				COPY_PHASE_STRIP = NO;
				DEBUG_INFORMATION_FORMAT = dwarf;
				ENABLE_STRICT_OBJC_MSGSEND = YES;
				ENABLE_TESTABILITY = YES;
				GCC_C_LANGUAGE_STANDARD = gnu11;
				GCC_DYNAMIC_NO_PIC = NO;
				GCC_NO_COMMON_BLOCKS = YES;
				GCC_OPTIMIZATION_LEVEL = 0;
				GCC_PREPROCESSOR_DEFINITIONS = (
					"DEBUG=1",
					"$(inherited)",
				);
				GCC_WARN_64_TO_32_BIT_CONVERSION = YES;
				GCC_WARN_ABOUT_RETURN_TYPE = YES_ERROR;
				GCC_WARN_UNDECLARED_SELECTOR = YES;
				GCC_WARN_UNINITIALIZED_AUTOS = YES_AGGRESSIVE;
				GCC_WARN_UNUSED_FUNCTION = YES;
				GCC_WARN_UNUSED_VARIABLE = YES;
				IPHONEOS_DEPLOYMENT_TARGET = 11.4;
				MTL_ENABLE_DEBUG_INFO = YES;
				ONLY_ACTIVE_ARCH = YES;
				SDKROOT = iphoneos;
				SWIFT_ACTIVE_COMPILATION_CONDITIONS = DEBUG;
				SWIFT_OPTIMIZATION_LEVEL = "-Onone";
			};
			name = Debug;
		};
		AD21771423DBC92B00BE2AD0 /* Release */ = {
			isa = XCBuildConfiguration;
			buildSettings = {
				ALWAYS_SEARCH_USER_PATHS = NO;
				CLANG_ANALYZER_NONNULL = YES;
				CLANG_ANALYZER_NUMBER_OBJECT_CONVERSION = YES_AGGRESSIVE;
				CLANG_CXX_LANGUAGE_STANDARD = "gnu++14";
				CLANG_CXX_LIBRARY = "libc++";
				CLANG_ENABLE_MODULES = YES;
				CLANG_ENABLE_OBJC_ARC = YES;
				CLANG_ENABLE_OBJC_WEAK = YES;
				CLANG_WARN_BLOCK_CAPTURE_AUTORELEASING = YES;
				CLANG_WARN_BOOL_CONVERSION = YES;
				CLANG_WARN_COMMA = YES;
				CLANG_WARN_CONSTANT_CONVERSION = YES;
				CLANG_WARN_DEPRECATED_OBJC_IMPLEMENTATIONS = YES;
				CLANG_WARN_DIRECT_OBJC_ISA_USAGE = YES_ERROR;
				CLANG_WARN_DOCUMENTATION_COMMENTS = YES;
				CLANG_WARN_EMPTY_BODY = YES;
				CLANG_WARN_ENUM_CONVERSION = YES;
				CLANG_WARN_INFINITE_RECURSION = YES;
				CLANG_WARN_INT_CONVERSION = YES;
				CLANG_WARN_NON_LITERAL_NULL_CONVERSION = YES;
				CLANG_WARN_OBJC_IMPLICIT_RETAIN_SELF = YES;
				CLANG_WARN_OBJC_LITERAL_CONVERSION = YES;
				CLANG_WARN_OBJC_ROOT_CLASS = YES_ERROR;
				CLANG_WARN_RANGE_LOOP_ANALYSIS = YES;
				CLANG_WARN_STRICT_PROTOTYPES = YES;
				CLANG_WARN_SUSPICIOUS_MOVE = YES;
				CLANG_WARN_UNGUARDED_AVAILABILITY = YES_AGGRESSIVE;
				CLANG_WARN_UNREACHABLE_CODE = YES;
				CLANG_WARN__DUPLICATE_METHOD_MATCH = YES;
				CODE_SIGN_IDENTITY = "iPhone Developer";
				COPY_PHASE_STRIP = NO;
				DEBUG_INFORMATION_FORMAT = "dwarf-with-dsym";
				ENABLE_NS_ASSERTIONS = NO;
				ENABLE_STRICT_OBJC_MSGSEND = YES;
				GCC_C_LANGUAGE_STANDARD = gnu11;
				GCC_NO_COMMON_BLOCKS = YES;
				GCC_WARN_64_TO_32_BIT_CONVERSION = YES;
				GCC_WARN_ABOUT_RETURN_TYPE = YES_ERROR;
				GCC_WARN_UNDECLARED_SELECTOR = YES;
				GCC_WARN_UNINITIALIZED_AUTOS = YES_AGGRESSIVE;
				GCC_WARN_UNUSED_FUNCTION = YES;
				GCC_WARN_UNUSED_VARIABLE = YES;
				IPHONEOS_DEPLOYMENT_TARGET = 11.4;
				MTL_ENABLE_DEBUG_INFO = NO;
				SDKROOT = iphoneos;
				SWIFT_COMPILATION_MODE = wholemodule;
				SWIFT_OPTIMIZATION_LEVEL = "-O";
				VALIDATE_PRODUCT = YES;
			};
			name = Release;
		};
		AD21771623DBC92B00BE2AD0 /* Debug */ = {
			isa = XCBuildConfiguration;
			baseConfigurationReference = 77247EAC490D6425670374DD /* Pods-deOlhoEmManaus.debug.xcconfig */;
			buildSettings = {
				ASSETCATALOG_COMPILER_APPICON_NAME = AppIcon;
				CODE_SIGN_STYLE = Automatic;
				DEVELOPMENT_TEAM = 7WV8M257CC;
				INFOPLIST_FILE = deOlhoEmManaus/Info.plist;
				LD_RUNPATH_SEARCH_PATHS = (
					"$(inherited)",
					"@executable_path/Frameworks",
				);
				PRODUCT_BUNDLE_IDENTIFIER = com.EdsonJr.deOlhoEmManaus;
				PRODUCT_NAME = "$(TARGET_NAME)";
				SWIFT_VERSION = 4.0;
				TARGETED_DEVICE_FAMILY = "1,2";
			};
			name = Debug;
		};
		AD21771723DBC92B00BE2AD0 /* Release */ = {
			isa = XCBuildConfiguration;
			baseConfigurationReference = 93CF529961CEB65B8E127239 /* Pods-deOlhoEmManaus.release.xcconfig */;
			buildSettings = {
				ASSETCATALOG_COMPILER_APPICON_NAME = AppIcon;
				CODE_SIGN_STYLE = Automatic;
				DEVELOPMENT_TEAM = 7WV8M257CC;
				INFOPLIST_FILE = deOlhoEmManaus/Info.plist;
				LD_RUNPATH_SEARCH_PATHS = (
					"$(inherited)",
					"@executable_path/Frameworks",
				);
				PRODUCT_BUNDLE_IDENTIFIER = com.EdsonJr.deOlhoEmManaus;
				PRODUCT_NAME = "$(TARGET_NAME)";
				SWIFT_VERSION = 4.0;
				TARGETED_DEVICE_FAMILY = "1,2";
			};
			name = Release;
		};
		AD21771923DBC92B00BE2AD0 /* Debug */ = {
			isa = XCBuildConfiguration;
			baseConfigurationReference = D7B4198F98ED4F17D195F438 /* Pods-deOlhoEmManausTests.debug.xcconfig */;
			buildSettings = {
				ALWAYS_EMBED_SWIFT_STANDARD_LIBRARIES = YES;
				BUNDLE_LOADER = "$(TEST_HOST)";
				CODE_SIGN_STYLE = Automatic;
				DEVELOPMENT_TEAM = 7WV8M257CC;
				INFOPLIST_FILE = deOlhoEmManausTests/Info.plist;
				LD_RUNPATH_SEARCH_PATHS = (
					"$(inherited)",
					"@executable_path/Frameworks",
					"@loader_path/Frameworks",
				);
				PRODUCT_BUNDLE_IDENTIFIER = com.EdsonJr.deOlhoEmManausTests;
				PRODUCT_NAME = "$(TARGET_NAME)";
				SWIFT_VERSION = 4.0;
				TARGETED_DEVICE_FAMILY = "1,2";
				TEST_HOST = "$(BUILT_PRODUCTS_DIR)/deOlhoEmManaus.app/deOlhoEmManaus";
			};
			name = Debug;
		};
		AD21771A23DBC92B00BE2AD0 /* Release */ = {
			isa = XCBuildConfiguration;
			baseConfigurationReference = 2325C34CCF7B256B44823418 /* Pods-deOlhoEmManausTests.release.xcconfig */;
			buildSettings = {
				ALWAYS_EMBED_SWIFT_STANDARD_LIBRARIES = YES;
				BUNDLE_LOADER = "$(TEST_HOST)";
				CODE_SIGN_STYLE = Automatic;
				DEVELOPMENT_TEAM = 7WV8M257CC;
				INFOPLIST_FILE = deOlhoEmManausTests/Info.plist;
				LD_RUNPATH_SEARCH_PATHS = (
					"$(inherited)",
					"@executable_path/Frameworks",
					"@loader_path/Frameworks",
				);
				PRODUCT_BUNDLE_IDENTIFIER = com.EdsonJr.deOlhoEmManausTests;
				PRODUCT_NAME = "$(TARGET_NAME)";
				SWIFT_VERSION = 4.0;
				TARGETED_DEVICE_FAMILY = "1,2";
				TEST_HOST = "$(BUILT_PRODUCTS_DIR)/deOlhoEmManaus.app/deOlhoEmManaus";
			};
			name = Release;
		};
		AD21771C23DBC92B00BE2AD0 /* Debug */ = {
			isa = XCBuildConfiguration;
			baseConfigurationReference = 32C489B2EB562ED076DBD3DD /* Pods-deOlhoEmManausUITests.debug.xcconfig */;
			buildSettings = {
				ALWAYS_EMBED_SWIFT_STANDARD_LIBRARIES = YES;
				CODE_SIGN_STYLE = Automatic;
				DEVELOPMENT_TEAM = 7WV8M257CC;
				INFOPLIST_FILE = deOlhoEmManausUITests/Info.plist;
				LD_RUNPATH_SEARCH_PATHS = (
					"$(inherited)",
					"@executable_path/Frameworks",
					"@loader_path/Frameworks",
				);
				PRODUCT_BUNDLE_IDENTIFIER = com.EdsonJr.deOlhoEmManausUITests;
				PRODUCT_NAME = "$(TARGET_NAME)";
				SWIFT_VERSION = 4.0;
				TARGETED_DEVICE_FAMILY = "1,2";
				TEST_TARGET_NAME = deOlhoEmManaus;
			};
			name = Debug;
		};
		AD21771D23DBC92B00BE2AD0 /* Release */ = {
			isa = XCBuildConfiguration;
			baseConfigurationReference = 0AE58DE1B7585AB9403132C6 /* Pods-deOlhoEmManausUITests.release.xcconfig */;
			buildSettings = {
				ALWAYS_EMBED_SWIFT_STANDARD_LIBRARIES = YES;
				CODE_SIGN_STYLE = Automatic;
				DEVELOPMENT_TEAM = 7WV8M257CC;
				INFOPLIST_FILE = deOlhoEmManausUITests/Info.plist;
				LD_RUNPATH_SEARCH_PATHS = (
					"$(inherited)",
					"@executable_path/Frameworks",
					"@loader_path/Frameworks",
				);
				PRODUCT_BUNDLE_IDENTIFIER = com.EdsonJr.deOlhoEmManausUITests;
				PRODUCT_NAME = "$(TARGET_NAME)";
				SWIFT_VERSION = 4.0;
				TARGETED_DEVICE_FAMILY = "1,2";
				TEST_TARGET_NAME = deOlhoEmManaus;
			};
			name = Release;
		};
/* End XCBuildConfiguration section */

/* Begin XCConfigurationList section */
		AD2176E523DBC92900BE2AD0 /* Build configuration list for PBXProject "deOlhoEmManaus" */ = {
			isa = XCConfigurationList;
			buildConfigurations = (
				AD21771323DBC92B00BE2AD0 /* Debug */,
				AD21771423DBC92B00BE2AD0 /* Release */,
			);
			defaultConfigurationIsVisible = 0;
			defaultConfigurationName = Release;
		};
		AD21771523DBC92B00BE2AD0 /* Build configuration list for PBXNativeTarget "deOlhoEmManaus" */ = {
			isa = XCConfigurationList;
			buildConfigurations = (
				AD21771623DBC92B00BE2AD0 /* Debug */,
				AD21771723DBC92B00BE2AD0 /* Release */,
			);
			defaultConfigurationIsVisible = 0;
			defaultConfigurationName = Release;
		};
		AD21771823DBC92B00BE2AD0 /* Build configuration list for PBXNativeTarget "deOlhoEmManausTests" */ = {
			isa = XCConfigurationList;
			buildConfigurations = (
				AD21771923DBC92B00BE2AD0 /* Debug */,
				AD21771A23DBC92B00BE2AD0 /* Release */,
			);
			defaultConfigurationIsVisible = 0;
			defaultConfigurationName = Release;
		};
		AD21771B23DBC92B00BE2AD0 /* Build configuration list for PBXNativeTarget "deOlhoEmManausUITests" */ = {
			isa = XCConfigurationList;
			buildConfigurations = (
				AD21771C23DBC92B00BE2AD0 /* Debug */,
				AD21771D23DBC92B00BE2AD0 /* Release */,
			);
			defaultConfigurationIsVisible = 0;
			defaultConfigurationName = Release;
		};
/* End XCConfigurationList section */

/* Begin XCVersionGroup section */
		AD2176F423DBC92900BE2AD0 /* deOlhoEmManaus.xcdatamodeld */ = {
			isa = XCVersionGroup;
			children = (
				AD2176F523DBC92900BE2AD0 /* deOlhoEmManaus.xcdatamodel */,
			);
			currentVersion = AD2176F523DBC92900BE2AD0 /* deOlhoEmManaus.xcdatamodel */;
			path = deOlhoEmManaus.xcdatamodeld;
			sourceTree = "<group>";
			versionGroupType = wrapper.xcdatamodel;
		};
/* End XCVersionGroup section */
	};
	rootObject = AD2176E223DBC92900BE2AD0 /* Project object */;
}
