// !$*UTF8*$!
{
	archiveVersion = 1;
	classes = {
	};
	objectVersion = 51;
	objects = {

/* Begin PBXBuildFile section */
		03667391FFBAA3A08CF716E7 /* Pods_deOlhoEmManausTests.framework in Frameworks */ = {isa = PBXBuildFile; fileRef = B666CAAB968A4541C9102D93 /* Pods_deOlhoEmManausTests.framework */; };
		6791272C184A53C496C8B4E9 /* Pods_deOlhoEmManausUITests.framework in Frameworks */ = {isa = PBXBuildFile; fileRef = F9788D8B77A60213211F945F /* Pods_deOlhoEmManausUITests.framework */; };
		857D9DD4C2D7B5AD14782E04 /* Pods_deOlhoEmManaus.framework in Frameworks */ = {isa = PBXBuildFile; fileRef = 622A084356DB8D11A3936525 /* Pods_deOlhoEmManaus.framework */; };
		AD0077CC23DBCD470069E28B /* ShowHouse.swift in Sources */ = {isa = PBXBuildFile; fileRef = AD0077C823DBCD460069E28B /* ShowHouse.swift */; };
		AD0077CD23DBCD470069E28B /* Show.swift in Sources */ = {isa = PBXBuildFile; fileRef = AD0077C923DBCD460069E28B /* Show.swift */; };
		AD0077CE23DBCD470069E28B /* Categorie.swift in Sources */ = {isa = PBXBuildFile; fileRef = AD0077CA23DBCD470069E28B /* Categorie.swift */; };
		AD0077CF23DBCD470069E28B /* ModelSingleton.swift in Sources */ = {isa = PBXBuildFile; fileRef = AD0077CB23DBCD470069E28B /* ModelSingleton.swift */; };
		AD0077D123DBCD6B0069E28B /* UIImageExtensions.swift in Sources */ = {isa = PBXBuildFile; fileRef = AD0077D023DBCD6B0069E28B /* UIImageExtensions.swift */; };
		AD0077D323DBCD7D0069E28B /* FirebaseService.swift in Sources */ = {isa = PBXBuildFile; fileRef = AD0077D223DBCD7D0069E28B /* FirebaseService.swift */; };
		AD0077D923DBD10F0069E28B /* CollectionViewCell.swift in Sources */ = {isa = PBXBuildFile; fileRef = AD0077D723DBD10F0069E28B /* CollectionViewCell.swift */; };
		AD0077DA23DBD10F0069E28B /* TableViewCell.swift in Sources */ = {isa = PBXBuildFile; fileRef = AD0077D823DBD10F0069E28B /* TableViewCell.swift */; };
		AD0077DE23DBDD7A0069E28B /* ShowHouseUIViewController.swift in Sources */ = {isa = PBXBuildFile; fileRef = AD0077DC23DBDD7A0069E28B /* ShowHouseUIViewController.swift */; };
		AD1970B423DFA30300BEF5DE /* InteratorExtension.swift in Sources */ = {isa = PBXBuildFile; fileRef = AD1970B323DFA30300BEF5DE /* InteratorExtension.swift */; };
		AD2176EE23DBC92900BE2AD0 /* AppDelegate.swift in Sources */ = {isa = PBXBuildFile; fileRef = AD2176ED23DBC92900BE2AD0 /* AppDelegate.swift */; };
		AD2176F023DBC92900BE2AD0 /* ViewController.swift in Sources */ = {isa = PBXBuildFile; fileRef = AD2176EF23DBC92900BE2AD0 /* ViewController.swift */; };
		AD2176F323DBC92900BE2AD0 /* Main.storyboard in Resources */ = {isa = PBXBuildFile; fileRef = AD2176F123DBC92900BE2AD0 /* Main.storyboard */; };
		AD2176F623DBC92900BE2AD0 /* deOlhoEmManaus.xcdatamodeld in Sources */ = {isa = PBXBuildFile; fileRef = AD2176F423DBC92900BE2AD0 /* deOlhoEmManaus.xcdatamodeld */; };
		AD2176F823DBC92B00BE2AD0 /* Assets.xcassets in Resources */ = {isa = PBXBuildFile; fileRef = AD2176F723DBC92B00BE2AD0 /* Assets.xcassets */; };
		AD2176FB23DBC92B00BE2AD0 /* LaunchScreen.storyboard in Resources */ = {isa = PBXBuildFile; fileRef = AD2176F923DBC92B00BE2AD0 /* LaunchScreen.storyboard */; };
		AD21770623DBC92B00BE2AD0 /* deOlhoEmManausTests.swift in Sources */ = {isa = PBXBuildFile; fileRef = AD21770523DBC92B00BE2AD0 /* deOlhoEmManausTests.swift */; };
		AD21771123DBC92B00BE2AD0 /* deOlhoEmManausUITests.swift in Sources */ = {isa = PBXBuildFile; fileRef = AD21771023DBC92B00BE2AD0 /* deOlhoEmManausUITests.swift */; };
		AD68794724521BBE000D4D53 /* CustomTableViewHeaderEventListScreen.xib in Resources */ = {isa = PBXBuildFile; fileRef = AD68794624521BBE000D4D53 /* CustomTableViewHeaderEventListScreen.xib */; };
		AD68794B245236F2000D4D53 /* CustomTableViewHeader.swift in Sources */ = {isa = PBXBuildFile; fileRef = AD68794A245236F2000D4D53 /* CustomTableViewHeader.swift */; };
		AD83D688267287F600ECC769 /* Trechos de codigo in Resources */ = {isa = PBXBuildFile; fileRef = AD83D687267287F600ECC769 /* Trechos de codigo */; };
		AD8C292A26855F8400938DA5 /* MapViewController.swift in Sources */ = {isa = PBXBuildFile; fileRef = AD8C292926855F8400938DA5 /* MapViewController.swift */; };
		AD8ED54D26815CC9009A91CA /* SearchViewController.swift in Sources */ = {isa = PBXBuildFile; fileRef = AD8ED54C26815CC9009A91CA /* SearchViewController.swift */; };
		ADC59C86241070C5007D4772 /* ReachabilityNetworkObserverDelegate.swift in Sources */ = {isa = PBXBuildFile; fileRef = ADC59C85241070C5007D4772 /* ReachabilityNetworkObserverDelegate.swift */; };
		ADC7A38223E8E40500BF38D0 /* InternetUtils.swift in Sources */ = {isa = PBXBuildFile; fileRef = ADC7A38123E8E40500BF38D0 /* InternetUtils.swift */; };
		ADC7A38423E8E80800BF38D0 /* AlertUtils.swift in Sources */ = {isa = PBXBuildFile; fileRef = ADC7A38323E8E80800BF38D0 /* AlertUtils.swift */; };
		ADD221C0266AE4D50082C4B6 /* SplashScreenViewController.swift in Sources */ = {isa = PBXBuildFile; fileRef = ADD221BF266AE4D40082C4B6 /* SplashScreenViewController.swift */; };
		ADF2B2FB2417132D00650395 /* DateUtils.swift in Sources */ = {isa = PBXBuildFile; fileRef = ADF2B2FA2417132D00650395 /* DateUtils.swift */; };
		ADFBE5322402E23E00998122 /* GoogleService-Info.plist in Resources */ = {isa = PBXBuildFile; fileRef = ADFBE5312402E23D00998122 /* GoogleService-Info.plist */; };
/* End PBXBuildFile section */

/* Begin PBXContainerItemProxy section */
		AD21770223DBC92B00BE2AD0 /* PBXContainerItemProxy */ = {
			isa = PBXContainerItemProxy;
			containerPortal = AD2176E223DBC92900BE2AD0 /* Project object */;
			proxyType = 1;
			remoteGlobalIDString = AD2176E923DBC92900BE2AD0;
			remoteInfo = deOlhoEmManaus;
		};
		AD21770D23DBC92B00BE2AD0 /* PBXContainerItemProxy */ = {
			isa = PBXContainerItemProxy;
			containerPortal = AD2176E223DBC92900BE2AD0 /* Project object */;
			proxyType = 1;
			remoteGlobalIDString = AD2176E923DBC92900BE2AD0;
			remoteInfo = deOlhoEmManaus;
		};
/* End PBXContainerItemProxy section */

/* Begin PBXFileReference section */
		1703D1F3048142E8581D8D8F /* Pods-deOlhoEmManausTests.debug.xcconfig */ = {isa = PBXFileReference; includeInIndex = 1; lastKnownFileType = text.xcconfig; name = "Pods-deOlhoEmManausTests.debug.xcconfig"; path = "Pods/Target Support Files/Pods-deOlhoEmManausTests/Pods-deOlhoEmManausTests.debug.xcconfig"; sourceTree = "<group>"; };
		2CDBAD5DF1CA415F387D8136 /* Pods-deOlhoEmManausUITests.release.xcconfig */ = {isa = PBXFileReference; includeInIndex = 1; lastKnownFileType = text.xcconfig; name = "Pods-deOlhoEmManausUITests.release.xcconfig"; path = "Pods/Target Support Files/Pods-deOlhoEmManausUITests/Pods-deOlhoEmManausUITests.release.xcconfig"; sourceTree = "<group>"; };
		622A084356DB8D11A3936525 /* Pods_deOlhoEmManaus.framework */ = {isa = PBXFileReference; explicitFileType = wrapper.framework; includeInIndex = 0; path = Pods_deOlhoEmManaus.framework; sourceTree = BUILT_PRODUCTS_DIR; };
		69A05F8561A12BDBB4542256 /* Pods-deOlhoEmManaus.debug.xcconfig */ = {isa = PBXFileReference; includeInIndex = 1; lastKnownFileType = text.xcconfig; name = "Pods-deOlhoEmManaus.debug.xcconfig"; path = "Pods/Target Support Files/Pods-deOlhoEmManaus/Pods-deOlhoEmManaus.debug.xcconfig"; sourceTree = "<group>"; };
		9FAD229ED595D9640498EFD4 /* Pods-deOlhoEmManausUITests.debug.xcconfig */ = {isa = PBXFileReference; includeInIndex = 1; lastKnownFileType = text.xcconfig; name = "Pods-deOlhoEmManausUITests.debug.xcconfig"; path = "Pods/Target Support Files/Pods-deOlhoEmManausUITests/Pods-deOlhoEmManausUITests.debug.xcconfig"; sourceTree = "<group>"; };
		AD0077C823DBCD460069E28B /* ShowHouse.swift */ = {isa = PBXFileReference; fileEncoding = 4; lastKnownFileType = sourcecode.swift; path = ShowHouse.swift; sourceTree = "<group>"; };
		AD0077C923DBCD460069E28B /* Show.swift */ = {isa = PBXFileReference; fileEncoding = 4; lastKnownFileType = sourcecode.swift; path = Show.swift; sourceTree = "<group>"; };
		AD0077CA23DBCD470069E28B /* Categorie.swift */ = {isa = PBXFileReference; fileEncoding = 4; lastKnownFileType = sourcecode.swift; path = Categorie.swift; sourceTree = "<group>"; };
		AD0077CB23DBCD470069E28B /* ModelSingleton.swift */ = {isa = PBXFileReference; fileEncoding = 4; lastKnownFileType = sourcecode.swift; path = ModelSingleton.swift; sourceTree = "<group>"; };
		AD0077D023DBCD6B0069E28B /* UIImageExtensions.swift */ = {isa = PBXFileReference; fileEncoding = 4; lastKnownFileType = sourcecode.swift; path = UIImageExtensions.swift; sourceTree = "<group>"; };
		AD0077D223DBCD7D0069E28B /* FirebaseService.swift */ = {isa = PBXFileReference; lastKnownFileType = sourcecode.swift; path = FirebaseService.swift; sourceTree = "<group>"; };
		AD0077D723DBD10F0069E28B /* CollectionViewCell.swift */ = {isa = PBXFileReference; fileEncoding = 4; lastKnownFileType = sourcecode.swift; path = CollectionViewCell.swift; sourceTree = "<group>"; };
		AD0077D823DBD10F0069E28B /* TableViewCell.swift */ = {isa = PBXFileReference; fileEncoding = 4; lastKnownFileType = sourcecode.swift; path = TableViewCell.swift; sourceTree = "<group>"; };
		AD0077DC23DBDD7A0069E28B /* ShowHouseUIViewController.swift */ = {isa = PBXFileReference; fileEncoding = 4; lastKnownFileType = sourcecode.swift; path = ShowHouseUIViewController.swift; sourceTree = "<group>"; };
		AD1970B323DFA30300BEF5DE /* InteratorExtension.swift */ = {isa = PBXFileReference; lastKnownFileType = sourcecode.swift; path = InteratorExtension.swift; sourceTree = "<group>"; };
		AD2176EA23DBC92900BE2AD0 /* OlhoEmManaus.app */ = {isa = PBXFileReference; explicitFileType = wrapper.application; includeInIndex = 0; path = OlhoEmManaus.app; sourceTree = BUILT_PRODUCTS_DIR; };
		AD2176ED23DBC92900BE2AD0 /* AppDelegate.swift */ = {isa = PBXFileReference; lastKnownFileType = sourcecode.swift; path = AppDelegate.swift; sourceTree = "<group>"; };
		AD2176EF23DBC92900BE2AD0 /* ViewController.swift */ = {isa = PBXFileReference; lastKnownFileType = sourcecode.swift; path = ViewController.swift; sourceTree = "<group>"; };
		AD2176F223DBC92900BE2AD0 /* Base */ = {isa = PBXFileReference; lastKnownFileType = file.storyboard; name = Base; path = Base.lproj/Main.storyboard; sourceTree = "<group>"; };
		AD2176F523DBC92900BE2AD0 /* deOlhoEmManaus.xcdatamodel */ = {isa = PBXFileReference; lastKnownFileType = wrapper.xcdatamodel; path = deOlhoEmManaus.xcdatamodel; sourceTree = "<group>"; };
		AD2176F723DBC92B00BE2AD0 /* Assets.xcassets */ = {isa = PBXFileReference; lastKnownFileType = folder.assetcatalog; path = Assets.xcassets; sourceTree = "<group>"; };
		AD2176FA23DBC92B00BE2AD0 /* Base */ = {isa = PBXFileReference; lastKnownFileType = file.storyboard; name = Base; path = Base.lproj/LaunchScreen.storyboard; sourceTree = "<group>"; };
		AD2176FC23DBC92B00BE2AD0 /* Info.plist */ = {isa = PBXFileReference; lastKnownFileType = text.plist.xml; path = Info.plist; sourceTree = "<group>"; };
		AD21770123DBC92B00BE2AD0 /* deOlhoEmManausTests.xctest */ = {isa = PBXFileReference; explicitFileType = wrapper.cfbundle; includeInIndex = 0; path = deOlhoEmManausTests.xctest; sourceTree = BUILT_PRODUCTS_DIR; };
		AD21770523DBC92B00BE2AD0 /* deOlhoEmManausTests.swift */ = {isa = PBXFileReference; lastKnownFileType = sourcecode.swift; path = deOlhoEmManausTests.swift; sourceTree = "<group>"; };
		AD21770723DBC92B00BE2AD0 /* Info.plist */ = {isa = PBXFileReference; lastKnownFileType = text.plist.xml; path = Info.plist; sourceTree = "<group>"; };
		AD21770C23DBC92B00BE2AD0 /* deOlhoEmManausUITests.xctest */ = {isa = PBXFileReference; explicitFileType = wrapper.cfbundle; includeInIndex = 0; path = deOlhoEmManausUITests.xctest; sourceTree = BUILT_PRODUCTS_DIR; };
		AD21771023DBC92B00BE2AD0 /* deOlhoEmManausUITests.swift */ = {isa = PBXFileReference; lastKnownFileType = sourcecode.swift; path = deOlhoEmManausUITests.swift; sourceTree = "<group>"; };
		AD21771223DBC92B00BE2AD0 /* Info.plist */ = {isa = PBXFileReference; lastKnownFileType = text.plist.xml; path = Info.plist; sourceTree = "<group>"; };
		AD68794624521BBE000D4D53 /* CustomTableViewHeaderEventListScreen.xib */ = {isa = PBXFileReference; lastKnownFileType = file.xib; path = CustomTableViewHeaderEventListScreen.xib; sourceTree = "<group>"; };
		AD68794A245236F2000D4D53 /* CustomTableViewHeader.swift */ = {isa = PBXFileReference; lastKnownFileType = sourcecode.swift; path = CustomTableViewHeader.swift; sourceTree = "<group>"; };
		AD83D687267287F600ECC769 /* Trechos de codigo */ = {isa = PBXFileReference; lastKnownFileType = text; path = "Trechos de codigo"; sourceTree = "<group>"; };
		AD8C292926855F8400938DA5 /* MapViewController.swift */ = {isa = PBXFileReference; lastKnownFileType = sourcecode.swift; path = MapViewController.swift; sourceTree = "<group>"; };
		AD8ED54C26815CC9009A91CA /* SearchViewController.swift */ = {isa = PBXFileReference; lastKnownFileType = sourcecode.swift; path = SearchViewController.swift; sourceTree = "<group>"; };
		ADC59C85241070C5007D4772 /* ReachabilityNetworkObserverDelegate.swift */ = {isa = PBXFileReference; lastKnownFileType = sourcecode.swift; path = ReachabilityNetworkObserverDelegate.swift; sourceTree = "<group>"; };
		ADC7A38123E8E40500BF38D0 /* InternetUtils.swift */ = {isa = PBXFileReference; lastKnownFileType = sourcecode.swift; path = InternetUtils.swift; sourceTree = "<group>"; };
		ADC7A38323E8E80800BF38D0 /* AlertUtils.swift */ = {isa = PBXFileReference; lastKnownFileType = sourcecode.swift; path = AlertUtils.swift; sourceTree = "<group>"; };
		ADD221BF266AE4D40082C4B6 /* SplashScreenViewController.swift */ = {isa = PBXFileReference; lastKnownFileType = sourcecode.swift; path = SplashScreenViewController.swift; sourceTree = "<group>"; };
		ADDC1A5023FCC8F1003814C7 /* De Olho em Manaus.entitlements */ = {isa = PBXFileReference; lastKnownFileType = text.plist.entitlements; path = "De Olho em Manaus.entitlements"; sourceTree = "<group>"; };
		ADF2B2FA2417132D00650395 /* DateUtils.swift */ = {isa = PBXFileReference; lastKnownFileType = sourcecode.swift; path = DateUtils.swift; sourceTree = "<group>"; };
		ADFBE5312402E23D00998122 /* GoogleService-Info.plist */ = {isa = PBXFileReference; fileEncoding = 4; lastKnownFileType = text.plist.xml; path = "GoogleService-Info.plist"; sourceTree = "<group>"; };
		B20C5B1F88C44A455FAC097D /* Pods-deOlhoEmManaus.release.xcconfig */ = {isa = PBXFileReference; includeInIndex = 1; lastKnownFileType = text.xcconfig; name = "Pods-deOlhoEmManaus.release.xcconfig"; path = "Pods/Target Support Files/Pods-deOlhoEmManaus/Pods-deOlhoEmManaus.release.xcconfig"; sourceTree = "<group>"; };
		B666CAAB968A4541C9102D93 /* Pods_deOlhoEmManausTests.framework */ = {isa = PBXFileReference; explicitFileType = wrapper.framework; includeInIndex = 0; path = Pods_deOlhoEmManausTests.framework; sourceTree = BUILT_PRODUCTS_DIR; };
		CD8F34BEA4FE57E495E43FAE /* Pods-deOlhoEmManausTests.release.xcconfig */ = {isa = PBXFileReference; includeInIndex = 1; lastKnownFileType = text.xcconfig; name = "Pods-deOlhoEmManausTests.release.xcconfig"; path = "Pods/Target Support Files/Pods-deOlhoEmManausTests/Pods-deOlhoEmManausTests.release.xcconfig"; sourceTree = "<group>"; };
		F9788D8B77A60213211F945F /* Pods_deOlhoEmManausUITests.framework */ = {isa = PBXFileReference; explicitFileType = wrapper.framework; includeInIndex = 0; path = Pods_deOlhoEmManausUITests.framework; sourceTree = BUILT_PRODUCTS_DIR; };
/* End PBXFileReference section */

/* Begin PBXFrameworksBuildPhase section */
		AD2176E723DBC92900BE2AD0 /* Frameworks */ = {
			isa = PBXFrameworksBuildPhase;
			buildActionMask = 2147483647;
			files = (
				857D9DD4C2D7B5AD14782E04 /* Pods_deOlhoEmManaus.framework in Frameworks */,
			);
			runOnlyForDeploymentPostprocessing = 0;
		};
		AD2176FE23DBC92B00BE2AD0 /* Frameworks */ = {
			isa = PBXFrameworksBuildPhase;
			buildActionMask = 2147483647;
			files = (
				03667391FFBAA3A08CF716E7 /* Pods_deOlhoEmManausTests.framework in Frameworks */,
			);
			runOnlyForDeploymentPostprocessing = 0;
		};
		AD21770923DBC92B00BE2AD0 /* Frameworks */ = {
			isa = PBXFrameworksBuildPhase;
			buildActionMask = 2147483647;
			files = (
				6791272C184A53C496C8B4E9 /* Pods_deOlhoEmManausUITests.framework in Frameworks */,
			);
			runOnlyForDeploymentPostprocessing = 0;
		};
/* End PBXFrameworksBuildPhase section */

/* Begin PBXGroup section */
		353F72C78482DE6C74F959F5 /* Pods */ = {
			isa = PBXGroup;
			children = (
				69A05F8561A12BDBB4542256 /* Pods-deOlhoEmManaus.debug.xcconfig */,
				B20C5B1F88C44A455FAC097D /* Pods-deOlhoEmManaus.release.xcconfig */,
				1703D1F3048142E8581D8D8F /* Pods-deOlhoEmManausTests.debug.xcconfig */,
				CD8F34BEA4FE57E495E43FAE /* Pods-deOlhoEmManausTests.release.xcconfig */,
				9FAD229ED595D9640498EFD4 /* Pods-deOlhoEmManausUITests.debug.xcconfig */,
				2CDBAD5DF1CA415F387D8136 /* Pods-deOlhoEmManausUITests.release.xcconfig */,
			);
			name = Pods;
			sourceTree = "<group>";
		};
		538530AD88E4A4675F393F10 /* Frameworks */ = {
			isa = PBXGroup;
			children = (
				622A084356DB8D11A3936525 /* Pods_deOlhoEmManaus.framework */,
				B666CAAB968A4541C9102D93 /* Pods_deOlhoEmManausTests.framework */,
				F9788D8B77A60213211F945F /* Pods_deOlhoEmManausUITests.framework */,
			);
			name = Frameworks;
			sourceTree = "<group>";
		};
		AD0077BD23DBCC070069E28B /* View */ = {
			isa = PBXGroup;
			children = (
				AD0077D623DBD0E60069E28B /* Cells */,
				AD2176F123DBC92900BE2AD0 /* Main.storyboard */,
				AD2176F923DBC92B00BE2AD0 /* LaunchScreen.storyboard */,
				AD68794624521BBE000D4D53 /* CustomTableViewHeaderEventListScreen.xib */,
				AD68794A245236F2000D4D53 /* CustomTableViewHeader.swift */,
			);
			path = View;
			sourceTree = "<group>";
		};
		AD0077BE23DBCC190069E28B /* Model */ = {
			isa = PBXGroup;
			children = (
				AD0077CA23DBCD470069E28B /* Categorie.swift */,
				AD0077CB23DBCD470069E28B /* ModelSingleton.swift */,
				AD0077C923DBCD460069E28B /* Show.swift */,
				AD0077C823DBCD460069E28B /* ShowHouse.swift */,
			);
			path = Model;
			sourceTree = "<group>";
		};
		AD0077BF23DBCC300069E28B /* Service */ = {
			isa = PBXGroup;
			children = (
				AD0077D223DBCD7D0069E28B /* FirebaseService.swift */,
			);
			path = Service;
			sourceTree = "<group>";
		};
		AD0077C023DBCC620069E28B /* Controller */ = {
			isa = PBXGroup;
			children = (
				AD0077DC23DBDD7A0069E28B /* ShowHouseUIViewController.swift */,
				AD2176EF23DBC92900BE2AD0 /* ViewController.swift */,
				ADD221BF266AE4D40082C4B6 /* SplashScreenViewController.swift */,
				AD8ED54C26815CC9009A91CA /* SearchViewController.swift */,
				AD8C292926855F8400938DA5 /* MapViewController.swift */,
			);
			path = Controller;
			sourceTree = "<group>";
		};
		AD0077C123DBCC880069E28B /* Extensions */ = {
			isa = PBXGroup;
			children = (
				AD0077D023DBCD6B0069E28B /* UIImageExtensions.swift */,
				AD1970B323DFA30300BEF5DE /* InteratorExtension.swift */,
			);
			path = Extensions;
			sourceTree = "<group>";
		};
		AD0077D623DBD0E60069E28B /* Cells */ = {
			isa = PBXGroup;
			children = (
				AD0077D723DBD10F0069E28B /* CollectionViewCell.swift */,
				AD0077D823DBD10F0069E28B /* TableViewCell.swift */,
			);
			path = Cells;
			sourceTree = "<group>";
		};
		AD2176E123DBC92900BE2AD0 = {
			isa = PBXGroup;
			children = (
				AD2176EC23DBC92900BE2AD0 /* deOlhoEmManaus */,
				AD21770423DBC92B00BE2AD0 /* deOlhoEmManausTests */,
				AD21770F23DBC92B00BE2AD0 /* deOlhoEmManausUITests */,
				AD2176EB23DBC92900BE2AD0 /* Products */,
				353F72C78482DE6C74F959F5 /* Pods */,
				538530AD88E4A4675F393F10 /* Frameworks */,
			);
			sourceTree = "<group>";
		};
		AD2176EB23DBC92900BE2AD0 /* Products */ = {
			isa = PBXGroup;
			children = (
				AD2176EA23DBC92900BE2AD0 /* OlhoEmManaus.app */,
				AD21770123DBC92B00BE2AD0 /* deOlhoEmManausTests.xctest */,
				AD21770C23DBC92B00BE2AD0 /* deOlhoEmManausUITests.xctest */,
			);
			name = Products;
			sourceTree = "<group>";
		};
		AD2176EC23DBC92900BE2AD0 /* deOlhoEmManaus */ = {
			isa = PBXGroup;
			children = (
				AD83D686267287B200ECC769 /* Codes */,
				ADDC1A5023FCC8F1003814C7 /* De Olho em Manaus.entitlements */,
				ADC7A37E23E8E29B00BF38D0 /* Utils */,
				AD0077C123DBCC880069E28B /* Extensions */,
				AD0077C023DBCC620069E28B /* Controller */,
				AD0077BF23DBCC300069E28B /* Service */,
				AD0077BE23DBCC190069E28B /* Model */,
				AD0077BD23DBCC070069E28B /* View */,
				AD2176ED23DBC92900BE2AD0 /* AppDelegate.swift */,
				AD2176F723DBC92B00BE2AD0 /* Assets.xcassets */,
				ADFBE5312402E23D00998122 /* GoogleService-Info.plist */,
				AD2176FC23DBC92B00BE2AD0 /* Info.plist */,
				AD2176F423DBC92900BE2AD0 /* deOlhoEmManaus.xcdatamodeld */,
			);
			path = deOlhoEmManaus;
			sourceTree = "<group>";
		};
		AD21770423DBC92B00BE2AD0 /* deOlhoEmManausTests */ = {
			isa = PBXGroup;
			children = (
				AD21770523DBC92B00BE2AD0 /* deOlhoEmManausTests.swift */,
				AD21770723DBC92B00BE2AD0 /* Info.plist */,
			);
			path = deOlhoEmManausTests;
			sourceTree = "<group>";
		};
		AD21770F23DBC92B00BE2AD0 /* deOlhoEmManausUITests */ = {
			isa = PBXGroup;
			children = (
				AD21771023DBC92B00BE2AD0 /* deOlhoEmManausUITests.swift */,
				AD21771223DBC92B00BE2AD0 /* Info.plist */,
			);
			path = deOlhoEmManausUITests;
			sourceTree = "<group>";
		};
		AD83D686267287B200ECC769 /* Codes */ = {
			isa = PBXGroup;
			children = (
				AD83D687267287F600ECC769 /* Trechos de codigo */,
			);
			path = Codes;
			sourceTree = "<group>";
		};
		ADC7A37E23E8E29B00BF38D0 /* Utils */ = {
			isa = PBXGroup;
			children = (
				ADC7A38123E8E40500BF38D0 /* InternetUtils.swift */,
				ADC7A38323E8E80800BF38D0 /* AlertUtils.swift */,
				ADC59C85241070C5007D4772 /* ReachabilityNetworkObserverDelegate.swift */,
				ADF2B2FA2417132D00650395 /* DateUtils.swift */,
			);
			path = Utils;
			sourceTree = "<group>";
		};
/* End PBXGroup section */

/* Begin PBXNativeTarget section */
		AD2176E923DBC92900BE2AD0 /* deOlhoEmManaus */ = {
			isa = PBXNativeTarget;
			buildConfigurationList = AD21771523DBC92B00BE2AD0 /* Build configuration list for PBXNativeTarget "deOlhoEmManaus" */;
			buildPhases = (
				AC0FAA07F7A4393018459F50 /* [CP] Check Pods Manifest.lock */,
				AD2176E623DBC92900BE2AD0 /* Sources */,
				AD2176E723DBC92900BE2AD0 /* Frameworks */,
				AD2176E823DBC92900BE2AD0 /* Resources */,
				3E183DF3BFF0335405E1825F /* [CP] Embed Pods Frameworks */,
				0830E8529CC9531CE94A3FEA /* [CP] Copy Pods Resources */,
			);
			buildRules = (
			);
			dependencies = (
			);
			name = deOlhoEmManaus;
			productName = deOlhoEmManaus;
			productReference = AD2176EA23DBC92900BE2AD0 /* OlhoEmManaus.app */;
			productType = "com.apple.product-type.application";
		};
		AD21770023DBC92B00BE2AD0 /* deOlhoEmManausTests */ = {
			isa = PBXNativeTarget;
			buildConfigurationList = AD21771823DBC92B00BE2AD0 /* Build configuration list for PBXNativeTarget "deOlhoEmManausTests" */;
			buildPhases = (
				C482CEC0BB61063183BC333E /* [CP] Check Pods Manifest.lock */,
				AD2176FD23DBC92B00BE2AD0 /* Sources */,
				AD2176FE23DBC92B00BE2AD0 /* Frameworks */,
				AD2176FF23DBC92B00BE2AD0 /* Resources */,
			);
			buildRules = (
			);
			dependencies = (
				AD21770323DBC92B00BE2AD0 /* PBXTargetDependency */,
			);
			name = deOlhoEmManausTests;
			productName = deOlhoEmManausTests;
			productReference = AD21770123DBC92B00BE2AD0 /* deOlhoEmManausTests.xctest */;
			productType = "com.apple.product-type.bundle.unit-test";
		};
		AD21770B23DBC92B00BE2AD0 /* deOlhoEmManausUITests */ = {
			isa = PBXNativeTarget;
			buildConfigurationList = AD21771B23DBC92B00BE2AD0 /* Build configuration list for PBXNativeTarget "deOlhoEmManausUITests" */;
			buildPhases = (
				FA519AAC0AA1BDBF4FE2A06F /* [CP] Check Pods Manifest.lock */,
				AD21770823DBC92B00BE2AD0 /* Sources */,
				AD21770923DBC92B00BE2AD0 /* Frameworks */,
				AD21770A23DBC92B00BE2AD0 /* Resources */,
			);
			buildRules = (
			);
			dependencies = (
				AD21770E23DBC92B00BE2AD0 /* PBXTargetDependency */,
			);
			name = deOlhoEmManausUITests;
			productName = deOlhoEmManausUITests;
			productReference = AD21770C23DBC92B00BE2AD0 /* deOlhoEmManausUITests.xctest */;
			productType = "com.apple.product-type.bundle.ui-testing";
		};
/* End PBXNativeTarget section */

/* Begin PBXProject section */
		AD2176E223DBC92900BE2AD0 /* Project object */ = {
			isa = PBXProject;
			attributes = {
				LastSwiftUpdateCheck = 0940;
				LastUpgradeCheck = 0940;
				ORGANIZATIONNAME = "Edson  Jr";
				TargetAttributes = {
					AD2176E923DBC92900BE2AD0 = {
						CreatedOnToolsVersion = 9.4.1;
					};
					AD21770023DBC92B00BE2AD0 = {
						CreatedOnToolsVersion = 9.4.1;
						TestTargetID = AD2176E923DBC92900BE2AD0;
					};
					AD21770B23DBC92B00BE2AD0 = {
						CreatedOnToolsVersion = 9.4.1;
						TestTargetID = AD2176E923DBC92900BE2AD0;
					};
				};
			};
			buildConfigurationList = AD2176E523DBC92900BE2AD0 /* Build configuration list for PBXProject "deOlhoEmManaus" */;
			compatibilityVersion = "Xcode 9.3";
			developmentRegion = en;
			hasScannedForEncodings = 0;
			knownRegions = (
				en,
				Base,
			);
			mainGroup = AD2176E123DBC92900BE2AD0;
			productRefGroup = AD2176EB23DBC92900BE2AD0 /* Products */;
			projectDirPath = "";
			projectRoot = "";
			targets = (
				AD2176E923DBC92900BE2AD0 /* deOlhoEmManaus */,
				AD21770023DBC92B00BE2AD0 /* deOlhoEmManausTests */,
				AD21770B23DBC92B00BE2AD0 /* deOlhoEmManausUITests */,
			);
		};
/* End PBXProject section */

/* Begin PBXResourcesBuildPhase section */
		AD2176E823DBC92900BE2AD0 /* Resources */ = {
			isa = PBXResourcesBuildPhase;
			buildActionMask = 2147483647;
			files = (
				AD2176FB23DBC92B00BE2AD0 /* LaunchScreen.storyboard in Resources */,
				AD68794724521BBE000D4D53 /* CustomTableViewHeaderEventListScreen.xib in Resources */,
				AD2176F823DBC92B00BE2AD0 /* Assets.xcassets in Resources */,
				AD83D688267287F600ECC769 /* Trechos de codigo in Resources */,
				AD2176F323DBC92900BE2AD0 /* Main.storyboard in Resources */,
				ADFBE5322402E23E00998122 /* GoogleService-Info.plist in Resources */,
			);
			runOnlyForDeploymentPostprocessing = 0;
		};
		AD2176FF23DBC92B00BE2AD0 /* Resources */ = {
			isa = PBXResourcesBuildPhase;
			buildActionMask = 2147483647;
			files = (
			);
			runOnlyForDeploymentPostprocessing = 0;
		};
		AD21770A23DBC92B00BE2AD0 /* Resources */ = {
			isa = PBXResourcesBuildPhase;
			buildActionMask = 2147483647;
			files = (
			);
			runOnlyForDeploymentPostprocessing = 0;
		};
/* End PBXResourcesBuildPhase section */

/* Begin PBXShellScriptBuildPhase section */
		0830E8529CC9531CE94A3FEA /* [CP] Copy Pods Resources */ = {
			isa = PBXShellScriptBuildPhase;
			buildActionMask = 2147483647;
			files = (
			);
			inputFileListPaths = (
				"${PODS_ROOT}/Target Support Files/Pods-deOlhoEmManaus/Pods-deOlhoEmManaus-resources-${CONFIGURATION}-input-files.xcfilelist",
			);
			name = "[CP] Copy Pods Resources";
			outputFileListPaths = (
				"${PODS_ROOT}/Target Support Files/Pods-deOlhoEmManaus/Pods-deOlhoEmManaus-resources-${CONFIGURATION}-output-files.xcfilelist",
			);
			runOnlyForDeploymentPostprocessing = 0;
			shellPath = /bin/sh;
			shellScript = "\"${PODS_ROOT}/Target Support Files/Pods-deOlhoEmManaus/Pods-deOlhoEmManaus-resources.sh\"\n";
			showEnvVarsInLog = 0;
		};
		3E183DF3BFF0335405E1825F /* [CP] Embed Pods Frameworks */ = {
			isa = PBXShellScriptBuildPhase;
			buildActionMask = 2147483647;
			files = (
			);
			inputFileListPaths = (
				"${PODS_ROOT}/Target Support Files/Pods-deOlhoEmManaus/Pods-deOlhoEmManaus-frameworks-${CONFIGURATION}-input-files.xcfilelist",
			);
			name = "[CP] Embed Pods Frameworks";
			outputFileListPaths = (
				"${PODS_ROOT}/Target Support Files/Pods-deOlhoEmManaus/Pods-deOlhoEmManaus-frameworks-${CONFIGURATION}-output-files.xcfilelist",
			);
			runOnlyForDeploymentPostprocessing = 0;
			shellPath = /bin/sh;
			shellScript = "\"${PODS_ROOT}/Target Support Files/Pods-deOlhoEmManaus/Pods-deOlhoEmManaus-frameworks.sh\"\n";
			showEnvVarsInLog = 0;
		};
		AC0FAA07F7A4393018459F50 /* [CP] Check Pods Manifest.lock */ = {
			isa = PBXShellScriptBuildPhase;
			buildActionMask = 2147483647;
			files = (
			);
			inputFileListPaths = (
			);
			inputPaths = (
				"${PODS_PODFILE_DIR_PATH}/Podfile.lock",
				"${PODS_ROOT}/Manifest.lock",
			);
			name = "[CP] Check Pods Manifest.lock";
			outputFileListPaths = (
			);
			outputPaths = (
				"$(DERIVED_FILE_DIR)/Pods-deOlhoEmManaus-checkManifestLockResult.txt",
			);
			runOnlyForDeploymentPostprocessing = 0;
			shellPath = /bin/sh;
			shellScript = "diff \"${PODS_PODFILE_DIR_PATH}/Podfile.lock\" \"${PODS_ROOT}/Manifest.lock\" > /dev/null\nif [ $? != 0 ] ; then\n    # print error to STDERR\n    echo \"error: The sandbox is not in sync with the Podfile.lock. Run 'pod install' or update your CocoaPods installation.\" >&2\n    exit 1\nfi\n# This output is used by Xcode 'outputs' to avoid re-running this script phase.\necho \"SUCCESS\" > \"${SCRIPT_OUTPUT_FILE_0}\"\n";
			showEnvVarsInLog = 0;
		};
		C482CEC0BB61063183BC333E /* [CP] Check Pods Manifest.lock */ = {
			isa = PBXShellScriptBuildPhase;
			buildActionMask = 2147483647;
			files = (
			);
			inputFileListPaths = (
			);
			inputPaths = (
				"${PODS_PODFILE_DIR_PATH}/Podfile.lock",
				"${PODS_ROOT}/Manifest.lock",
			);
			name = "[CP] Check Pods Manifest.lock";
			outputFileListPaths = (
			);
			outputPaths = (
				"$(DERIVED_FILE_DIR)/Pods-deOlhoEmManausTests-checkManifestLockResult.txt",
			);
			runOnlyForDeploymentPostprocessing = 0;
			shellPath = /bin/sh;
			shellScript = "diff \"${PODS_PODFILE_DIR_PATH}/Podfile.lock\" \"${PODS_ROOT}/Manifest.lock\" > /dev/null\nif [ $? != 0 ] ; then\n    # print error to STDERR\n    echo \"error: The sandbox is not in sync with the Podfile.lock. Run 'pod install' or update your CocoaPods installation.\" >&2\n    exit 1\nfi\n# This output is used by Xcode 'outputs' to avoid re-running this script phase.\necho \"SUCCESS\" > \"${SCRIPT_OUTPUT_FILE_0}\"\n";
			showEnvVarsInLog = 0;
		};
		FA519AAC0AA1BDBF4FE2A06F /* [CP] Check Pods Manifest.lock */ = {
			isa = PBXShellScriptBuildPhase;
			buildActionMask = 2147483647;
			files = (
			);
			inputFileListPaths = (
			);
			inputPaths = (
				"${PODS_PODFILE_DIR_PATH}/Podfile.lock",
				"${PODS_ROOT}/Manifest.lock",
			);
			name = "[CP] Check Pods Manifest.lock";
			outputFileListPaths = (
			);
			outputPaths = (
				"$(DERIVED_FILE_DIR)/Pods-deOlhoEmManausUITests-checkManifestLockResult.txt",
			);
			runOnlyForDeploymentPostprocessing = 0;
			shellPath = /bin/sh;
			shellScript = "diff \"${PODS_PODFILE_DIR_PATH}/Podfile.lock\" \"${PODS_ROOT}/Manifest.lock\" > /dev/null\nif [ $? != 0 ] ; then\n    # print error to STDERR\n    echo \"error: The sandbox is not in sync with the Podfile.lock. Run 'pod install' or update your CocoaPods installation.\" >&2\n    exit 1\nfi\n# This output is used by Xcode 'outputs' to avoid re-running this script phase.\necho \"SUCCESS\" > \"${SCRIPT_OUTPUT_FILE_0}\"\n";
			showEnvVarsInLog = 0;
		};
/* End PBXShellScriptBuildPhase section */

/* Begin PBXSourcesBuildPhase section */
		AD2176E623DBC92900BE2AD0 /* Sources */ = {
			isa = PBXSourcesBuildPhase;
			buildActionMask = 2147483647;
			files = (
				AD0077D923DBD10F0069E28B /* CollectionViewCell.swift in Sources */,
				AD2176F023DBC92900BE2AD0 /* ViewController.swift in Sources */,
				AD2176EE23DBC92900BE2AD0 /* AppDelegate.swift in Sources */,
				ADC59C86241070C5007D4772 /* ReachabilityNetworkObserverDelegate.swift in Sources */,
				ADC7A38423E8E80800BF38D0 /* AlertUtils.swift in Sources */,
				AD2176F623DBC92900BE2AD0 /* deOlhoEmManaus.xcdatamodeld in Sources */,
				AD0077DE23DBDD7A0069E28B /* ShowHouseUIViewController.swift in Sources */,
				AD0077D123DBCD6B0069E28B /* UIImageExtensions.swift in Sources */,
				AD0077CD23DBCD470069E28B /* Show.swift in Sources */,
				AD0077DA23DBD10F0069E28B /* TableViewCell.swift in Sources */,
				AD8ED54D26815CC9009A91CA /* SearchViewController.swift in Sources */,
				AD0077CF23DBCD470069E28B /* ModelSingleton.swift in Sources */,
				ADD221C0266AE4D50082C4B6 /* SplashScreenViewController.swift in Sources */,
				AD8C292A26855F8400938DA5 /* MapViewController.swift in Sources */,
				AD1970B423DFA30300BEF5DE /* InteratorExtension.swift in Sources */,
				AD0077D323DBCD7D0069E28B /* FirebaseService.swift in Sources */,
				ADF2B2FB2417132D00650395 /* DateUtils.swift in Sources */,
				AD0077CC23DBCD470069E28B /* ShowHouse.swift in Sources */,
				AD68794B245236F2000D4D53 /* CustomTableViewHeader.swift in Sources */,
				AD0077CE23DBCD470069E28B /* Categorie.swift in Sources */,
				ADC7A38223E8E40500BF38D0 /* InternetUtils.swift in Sources */,
			);
			runOnlyForDeploymentPostprocessing = 0;
		};
		AD2176FD23DBC92B00BE2AD0 /* Sources */ = {
			isa = PBXSourcesBuildPhase;
			buildActionMask = 2147483647;
			files = (
				AD21770623DBC92B00BE2AD0 /* deOlhoEmManausTests.swift in Sources */,
			);
			runOnlyForDeploymentPostprocessing = 0;
		};
		AD21770823DBC92B00BE2AD0 /* Sources */ = {
			isa = PBXSourcesBuildPhase;
			buildActionMask = 2147483647;
			files = (
				AD21771123DBC92B00BE2AD0 /* deOlhoEmManausUITests.swift in Sources */,
			);
			runOnlyForDeploymentPostprocessing = 0;
		};
/* End PBXSourcesBuildPhase section */

/* Begin PBXTargetDependency section */
		AD21770323DBC92B00BE2AD0 /* PBXTargetDependency */ = {
			isa = PBXTargetDependency;
			target = AD2176E923DBC92900BE2AD0 /* deOlhoEmManaus */;
			targetProxy = AD21770223DBC92B00BE2AD0 /* PBXContainerItemProxy */;
		};
		AD21770E23DBC92B00BE2AD0 /* PBXTargetDependency */ = {
			isa = PBXTargetDependency;
			target = AD2176E923DBC92900BE2AD0 /* deOlhoEmManaus */;
			targetProxy = AD21770D23DBC92B00BE2AD0 /* PBXContainerItemProxy */;
		};
/* End PBXTargetDependency section */

/* Begin PBXVariantGroup section */
		AD2176F123DBC92900BE2AD0 /* Main.storyboard */ = {
			isa = PBXVariantGroup;
			children = (
				AD2176F223DBC92900BE2AD0 /* Base */,
			);
			name = Main.storyboard;
			sourceTree = "<group>";
		};
		AD2176F923DBC92B00BE2AD0 /* LaunchScreen.storyboard */ = {
			isa = PBXVariantGroup;
			children = (
				AD2176FA23DBC92B00BE2AD0 /* Base */,
			);
			name = LaunchScreen.storyboard;
			sourceTree = "<group>";
		};
/* End PBXVariantGroup section */

/* Begin XCBuildConfiguration section */
		AD21771323DBC92B00BE2AD0 /* Debug */ = {
			isa = XCBuildConfiguration;
			buildSettings = {
				ALWAYS_SEARCH_USER_PATHS = NO;
				CLANG_ANALYZER_NONNULL = YES;
				CLANG_ANALYZER_NUMBER_OBJECT_CONVERSION = YES_AGGRESSIVE;
				CLANG_CXX_LANGUAGE_STANDARD = "gnu++14";
				CLANG_CXX_LIBRARY = "libc++";
				CLANG_ENABLE_MODULES = YES;
				CLANG_ENABLE_OBJC_ARC = YES;
				CLANG_ENABLE_OBJC_WEAK = YES;
				CLANG_WARN_BLOCK_CAPTURE_AUTORELEASING = YES;
				CLANG_WARN_BOOL_CONVERSION = YES;
				CLANG_WARN_COMMA = YES;
				CLANG_WARN_CONSTANT_CONVERSION = YES;
				CLANG_WARN_DEPRECATED_OBJC_IMPLEMENTATIONS = YES;
				CLANG_WARN_DIRECT_OBJC_ISA_USAGE = YES_ERROR;
				CLANG_WARN_DOCUMENTATION_COMMENTS = YES;
				CLANG_WARN_EMPTY_BODY = YES;
				CLANG_WARN_ENUM_CONVERSION = YES;
				CLANG_WARN_INFINITE_RECURSION = YES;
				CLANG_WARN_INT_CONVERSION = YES;
				CLANG_WARN_NON_LITERAL_NULL_CONVERSION = YES;
				CLANG_WARN_OBJC_IMPLICIT_RETAIN_SELF = YES;
				CLANG_WARN_OBJC_LITERAL_CONVERSION = YES;
				CLANG_WARN_OBJC_ROOT_CLASS = YES_ERROR;
				CLANG_WARN_RANGE_LOOP_ANALYSIS = YES;
				CLANG_WARN_STRICT_PROTOTYPES = YES;
				CLANG_WARN_SUSPICIOUS_MOVE = YES;
				CLANG_WARN_UNGUARDED_AVAILABILITY = YES_AGGRESSIVE;
				CLANG_WARN_UNREACHABLE_CODE = YES;
				CLANG_WARN__DUPLICATE_METHOD_MATCH = YES;
				CODE_SIGN_IDENTITY = "iPhone Developer";
				COPY_PHASE_STRIP = NO;
				DEBUG_INFORMATION_FORMAT = dwarf;
				ENABLE_STRICT_OBJC_MSGSEND = YES;
				ENABLE_TESTABILITY = YES;
				GCC_C_LANGUAGE_STANDARD = gnu11;
				GCC_DYNAMIC_NO_PIC = NO;
				GCC_NO_COMMON_BLOCKS = YES;
				GCC_OPTIMIZATION_LEVEL = 0;
				GCC_PREPROCESSOR_DEFINITIONS = (
					"DEBUG=1",
					"$(inherited)",
				);
				GCC_WARN_64_TO_32_BIT_CONVERSION = YES;
				GCC_WARN_ABOUT_RETURN_TYPE = YES_ERROR;
				GCC_WARN_UNDECLARED_SELECTOR = YES;
				GCC_WARN_UNINITIALIZED_AUTOS = YES_AGGRESSIVE;
				GCC_WARN_UNUSED_FUNCTION = YES;
				GCC_WARN_UNUSED_VARIABLE = YES;
				IPHONEOS_DEPLOYMENT_TARGET = 11.4;
				MTL_ENABLE_DEBUG_INFO = YES;
				ONLY_ACTIVE_ARCH = YES;
				SDKROOT = iphoneos;
				SWIFT_ACTIVE_COMPILATION_CONDITIONS = DEBUG;
				SWIFT_OPTIMIZATION_LEVEL = "-Onone";
			};
			name = Debug;
		};
		AD21771423DBC92B00BE2AD0 /* Release */ = {
			isa = XCBuildConfiguration;
			buildSettings = {
				ALWAYS_SEARCH_USER_PATHS = NO;
				CLANG_ANALYZER_NONNULL = YES;
				CLANG_ANALYZER_NUMBER_OBJECT_CONVERSION = YES_AGGRESSIVE;
				CLANG_CXX_LANGUAGE_STANDARD = "gnu++14";
				CLANG_CXX_LIBRARY = "libc++";
				CLANG_ENABLE_MODULES = YES;
				CLANG_ENABLE_OBJC_ARC = YES;
				CLANG_ENABLE_OBJC_WEAK = YES;
				CLANG_WARN_BLOCK_CAPTURE_AUTORELEASING = YES;
				CLANG_WARN_BOOL_CONVERSION = YES;
				CLANG_WARN_COMMA = YES;
				CLANG_WARN_CONSTANT_CONVERSION = YES;
				CLANG_WARN_DEPRECATED_OBJC_IMPLEMENTATIONS = YES;
				CLANG_WARN_DIRECT_OBJC_ISA_USAGE = YES_ERROR;
				CLANG_WARN_DOCUMENTATION_COMMENTS = YES;
				CLANG_WARN_EMPTY_BODY = YES;
				CLANG_WARN_ENUM_CONVERSION = YES;
				CLANG_WARN_INFINITE_RECURSION = YES;
				CLANG_WARN_INT_CONVERSION = YES;
				CLANG_WARN_NON_LITERAL_NULL_CONVERSION = YES;
				CLANG_WARN_OBJC_IMPLICIT_RETAIN_SELF = YES;
				CLANG_WARN_OBJC_LITERAL_CONVERSION = YES;
				CLANG_WARN_OBJC_ROOT_CLASS = YES_ERROR;
				CLANG_WARN_RANGE_LOOP_ANALYSIS = YES;
				CLANG_WARN_STRICT_PROTOTYPES = YES;
				CLANG_WARN_SUSPICIOUS_MOVE = YES;
				CLANG_WARN_UNGUARDED_AVAILABILITY = YES_AGGRESSIVE;
				CLANG_WARN_UNREACHABLE_CODE = YES;
				CLANG_WARN__DUPLICATE_METHOD_MATCH = YES;
				CODE_SIGN_IDENTITY = "iPhone Developer";
				COPY_PHASE_STRIP = NO;
				DEBUG_INFORMATION_FORMAT = "dwarf-with-dsym";
				ENABLE_NS_ASSERTIONS = NO;
				ENABLE_STRICT_OBJC_MSGSEND = YES;
				GCC_C_LANGUAGE_STANDARD = gnu11;
				GCC_NO_COMMON_BLOCKS = YES;
				GCC_WARN_64_TO_32_BIT_CONVERSION = YES;
				GCC_WARN_ABOUT_RETURN_TYPE = YES_ERROR;
				GCC_WARN_UNDECLARED_SELECTOR = YES;
				GCC_WARN_UNINITIALIZED_AUTOS = YES_AGGRESSIVE;
				GCC_WARN_UNUSED_FUNCTION = YES;
				GCC_WARN_UNUSED_VARIABLE = YES;
				IPHONEOS_DEPLOYMENT_TARGET = 11.4;
				MTL_ENABLE_DEBUG_INFO = NO;
				SDKROOT = iphoneos;
				SWIFT_COMPILATION_MODE = wholemodule;
				SWIFT_OPTIMIZATION_LEVEL = "-O";
				VALIDATE_PRODUCT = YES;
			};
			name = Release;
		};
		AD21771623DBC92B00BE2AD0 /* Debug */ = {
			isa = XCBuildConfiguration;
			baseConfigurationReference = 69A05F8561A12BDBB4542256 /* Pods-deOlhoEmManaus.debug.xcconfig */;
			buildSettings = {
				ASSETCATALOG_COMPILER_APPICON_NAME = AppIcon;
				CODE_SIGN_ENTITLEMENTS = "deOlhoEmManaus/De Olho em Manaus.entitlements";
				CODE_SIGN_STYLE = Automatic;
				CURRENT_PROJECT_VERSION = 1;
				DEVELOPMENT_TEAM = 7WV8M257CC;
				INFOPLIST_FILE = deOlhoEmManaus/Info.plist;
				IPHONEOS_DEPLOYMENT_TARGET = 12.0;
				LD_RUNPATH_SEARCH_PATHS = (
					"$(inherited)",
					"@executable_path/Frameworks",
				);
				MARKETING_VERSION = 1.1.4;
				PRODUCT_BUNDLE_IDENTIFIER = com.EdsonJr.deOlhoEmManaus;
				PRODUCT_NAME = OlhoEmManaus;
				SWIFT_VERSION = 4.0;
				TARGETED_DEVICE_FAMILY = "1,2";
			};
			name = Debug;
		};
		AD21771723DBC92B00BE2AD0 /* Release */ = {
			isa = XCBuildConfiguration;
			baseConfigurationReference = B20C5B1F88C44A455FAC097D /* Pods-deOlhoEmManaus.release.xcconfig */;
			buildSettings = {
				ASSETCATALOG_COMPILER_APPICON_NAME = AppIcon;
				CODE_SIGN_ENTITLEMENTS = "deOlhoEmManaus/De Olho em Manaus.entitlements";
				CODE_SIGN_STYLE = Automatic;
				CURRENT_PROJECT_VERSION = 1;
				DEVELOPMENT_TEAM = 7WV8M257CC;
				INFOPLIST_FILE = deOlhoEmManaus/Info.plist;
				IPHONEOS_DEPLOYMENT_TARGET = 12.0;
				LD_RUNPATH_SEARCH_PATHS = (
					"$(inherited)",
					"@executable_path/Frameworks",
				);
				MARKETING_VERSION = 1.1.4;
				PRODUCT_BUNDLE_IDENTIFIER = com.EdsonJr.deOlhoEmManaus;
				PRODUCT_NAME = OlhoEmManaus;
				SWIFT_VERSION = 4.0;
				TARGETED_DEVICE_FAMILY = "1,2";
			};
			name = Release;
		};
		AD21771923DBC92B00BE2AD0 /* Debug */ = {
			isa = XCBuildConfiguration;
			baseConfigurationReference = 1703D1F3048142E8581D8D8F /* Pods-deOlhoEmManausTests.debug.xcconfig */;
			buildSettings = {
				ALWAYS_EMBED_SWIFT_STANDARD_LIBRARIES = YES;
				BUNDLE_LOADER = "$(TEST_HOST)";
				CODE_SIGN_STYLE = Automatic;
				DEVELOPMENT_TEAM = 7WV8M257CC;
				INFOPLIST_FILE = deOlhoEmManausTests/Info.plist;
				LD_RUNPATH_SEARCH_PATHS = (
					"$(inherited)",
					"@executable_path/Frameworks",
					"@loader_path/Frameworks",
				);
				PRODUCT_BUNDLE_IDENTIFIER = com.EdsonJr.deOlhoEmManausTests;
				PRODUCT_NAME = "$(TARGET_NAME)";
				SWIFT_VERSION = 4.0;
				TARGETED_DEVICE_FAMILY = "1,2";
				TEST_HOST = "$(BUILT_PRODUCTS_DIR)/deOlhoEmManaus.app/deOlhoEmManaus";
			};
			name = Debug;
		};
		AD21771A23DBC92B00BE2AD0 /* Release */ = {
			isa = XCBuildConfiguration;
			baseConfigurationReference = CD8F34BEA4FE57E495E43FAE /* Pods-deOlhoEmManausTests.release.xcconfig */;
			buildSettings = {
				ALWAYS_EMBED_SWIFT_STANDARD_LIBRARIES = YES;
				BUNDLE_LOADER = "$(TEST_HOST)";
				CODE_SIGN_STYLE = Automatic;
				DEVELOPMENT_TEAM = 7WV8M257CC;
				INFOPLIST_FILE = deOlhoEmManausTests/Info.plist;
				LD_RUNPATH_SEARCH_PATHS = (
					"$(inherited)",
					"@executable_path/Frameworks",
					"@loader_path/Frameworks",
				);
				PRODUCT_BUNDLE_IDENTIFIER = com.EdsonJr.deOlhoEmManausTests;
				PRODUCT_NAME = "$(TARGET_NAME)";
				SWIFT_VERSION = 4.0;
				TARGETED_DEVICE_FAMILY = "1,2";
				TEST_HOST = "$(BUILT_PRODUCTS_DIR)/deOlhoEmManaus.app/deOlhoEmManaus";
			};
			name = Release;
		};
		AD21771C23DBC92B00BE2AD0 /* Debug */ = {
			isa = XCBuildConfiguration;
			baseConfigurationReference = 9FAD229ED595D9640498EFD4 /* Pods-deOlhoEmManausUITests.debug.xcconfig */;
			buildSettings = {
				ALWAYS_EMBED_SWIFT_STANDARD_LIBRARIES = YES;
				CODE_SIGN_STYLE = Automatic;
				DEVELOPMENT_TEAM = 7WV8M257CC;
				INFOPLIST_FILE = deOlhoEmManausUITests/Info.plist;
				LD_RUNPATH_SEARCH_PATHS = (
					"$(inherited)",
					"@executable_path/Frameworks",
					"@loader_path/Frameworks",
				);
				PRODUCT_BUNDLE_IDENTIFIER = com.EdsonJr.deOlhoEmManausUITests;
				PRODUCT_NAME = "$(TARGET_NAME)";
				SWIFT_VERSION = 4.0;
				TARGETED_DEVICE_FAMILY = "1,2";
				TEST_TARGET_NAME = deOlhoEmManaus;
			};
			name = Debug;
		};
		AD21771D23DBC92B00BE2AD0 /* Release */ = {
			isa = XCBuildConfiguration;
			baseConfigurationReference = 2CDBAD5DF1CA415F387D8136 /* Pods-deOlhoEmManausUITests.release.xcconfig */;
			buildSettings = {
				ALWAYS_EMBED_SWIFT_STANDARD_LIBRARIES = YES;
				CODE_SIGN_STYLE = Automatic;
				DEVELOPMENT_TEAM = 7WV8M257CC;
				INFOPLIST_FILE = deOlhoEmManausUITests/Info.plist;
				LD_RUNPATH_SEARCH_PATHS = (
					"$(inherited)",
					"@executable_path/Frameworks",
					"@loader_path/Frameworks",
				);
				PRODUCT_BUNDLE_IDENTIFIER = com.EdsonJr.deOlhoEmManausUITests;
				PRODUCT_NAME = "$(TARGET_NAME)";
				SWIFT_VERSION = 4.0;
				TARGETED_DEVICE_FAMILY = "1,2";
				TEST_TARGET_NAME = deOlhoEmManaus;
			};
			name = Release;
		};
/* End XCBuildConfiguration section */

/* Begin XCConfigurationList section */
		AD2176E523DBC92900BE2AD0 /* Build configuration list for PBXProject "deOlhoEmManaus" */ = {
			isa = XCConfigurationList;
			buildConfigurations = (
				AD21771323DBC92B00BE2AD0 /* Debug */,
				AD21771423DBC92B00BE2AD0 /* Release */,
			);
			defaultConfigurationIsVisible = 0;
			defaultConfigurationName = Release;
		};
		AD21771523DBC92B00BE2AD0 /* Build configuration list for PBXNativeTarget "deOlhoEmManaus" */ = {
			isa = XCConfigurationList;
			buildConfigurations = (
				AD21771623DBC92B00BE2AD0 /* Debug */,
				AD21771723DBC92B00BE2AD0 /* Release */,
			);
			defaultConfigurationIsVisible = 0;
			defaultConfigurationName = Release;
		};
		AD21771823DBC92B00BE2AD0 /* Build configuration list for PBXNativeTarget "deOlhoEmManausTests" */ = {
			isa = XCConfigurationList;
			buildConfigurations = (
				AD21771923DBC92B00BE2AD0 /* Debug */,
				AD21771A23DBC92B00BE2AD0 /* Release */,
			);
			defaultConfigurationIsVisible = 0;
			defaultConfigurationName = Release;
		};
		AD21771B23DBC92B00BE2AD0 /* Build configuration list for PBXNativeTarget "deOlhoEmManausUITests" */ = {
			isa = XCConfigurationList;
			buildConfigurations = (
				AD21771C23DBC92B00BE2AD0 /* Debug */,
				AD21771D23DBC92B00BE2AD0 /* Release */,
			);
			defaultConfigurationIsVisible = 0;
			defaultConfigurationName = Release;
		};
/* End XCConfigurationList section */

/* Begin XCVersionGroup section */
		AD2176F423DBC92900BE2AD0 /* deOlhoEmManaus.xcdatamodeld */ = {
			isa = XCVersionGroup;
			children = (
				AD2176F523DBC92900BE2AD0 /* deOlhoEmManaus.xcdatamodel */,
			);
			currentVersion = AD2176F523DBC92900BE2AD0 /* deOlhoEmManaus.xcdatamodel */;
			path = deOlhoEmManaus.xcdatamodeld;
			sourceTree = "<group>";
			versionGroupType = wrapper.xcdatamodel;
		};
/* End XCVersionGroup section */
	};
	rootObject = AD2176E223DBC92900BE2AD0 /* Project object */;
}
